// !$*UTF8*$!
{
	archiveVersion = 1;
	classes = {
	};
	objectVersion = 56;
	objects = {

/* Begin PBXBuildFile section */
		0239B3432DA634AA00F4DD71 /* LoginViewModel.swift in Sources */ = {isa = PBXBuildFile; fileRef = 0239B3422DA634AA00F4DD71 /* LoginViewModel.swift */; };
		02457CBF2DA4A3C500582D20 /* ContentView.swift in Sources */ = {isa = PBXBuildFile; fileRef = 02457CBE2DA4A3C500582D20 /* ContentView.swift */; };
		02457CC12DA4A47400582D20 /* FAQView.swift in Sources */ = {isa = PBXBuildFile; fileRef = 02457CC02DA4A47400582D20 /* FAQView.swift */; };
		02457CC32DA4B45400582D20 /* ActionButton.swift in Sources */ = {isa = PBXBuildFile; fileRef = 02457CC22DA4B45400582D20 /* ActionButton.swift */; };
		02457CC52DA4B80C00582D20 /* ScreenSize.swift in Sources */ = {isa = PBXBuildFile; fileRef = 02457CC42DA4B80C00582D20 /* ScreenSize.swift */; };
		02457CC72DA5011E00582D20 /* GoogleService-Info.plist in Resources */ = {isa = PBXBuildFile; fileRef = 02457CC62DA5011E00582D20 /* GoogleService-Info.plist */; };
		02457CCA2DA5024500582D20 /* FirebaseDatabase in Frameworks */ = {isa = PBXBuildFile; productRef = 02457CC92DA5024500582D20 /* FirebaseDatabase */; };
		02457CCC2DA5024500582D20 /* FirebaseStorage in Frameworks */ = {isa = PBXBuildFile; productRef = 02457CCB2DA5024500582D20 /* FirebaseStorage */; };
		027D2E052DA75ED10029D2D6 /* CardShape.swift in Sources */ = {isa = PBXBuildFile; fileRef = 027D2E042DA75ED10029D2D6 /* CardShape.swift */; };
		027D2E092DA794540029D2D6 /* MainViewModel.swift in Sources */ = {isa = PBXBuildFile; fileRef = 027D2E082DA794540029D2D6 /* MainViewModel.swift */; };
		027D2E0F2DA7961F0029D2D6 /* CardContentView.swift in Sources */ = {isa = PBXBuildFile; fileRef = 027D2E0E2DA7961F0029D2D6 /* CardContentView.swift */; };
		027D2E112DA7964A0029D2D6 /* CardContainer.swift in Sources */ = {isa = PBXBuildFile; fileRef = 027D2E102DA7964A0029D2D6 /* CardContainer.swift */; };
		02C6EC722DA3946400039A0A /* O_ClubApp.swift in Sources */ = {isa = PBXBuildFile; fileRef = 02C6EC712DA3946400039A0A /* O_ClubApp.swift */; };
		02C6EC762DA3946500039A0A /* Assets.xcassets in Resources */ = {isa = PBXBuildFile; fileRef = 02C6EC752DA3946500039A0A /* Assets.xcassets */; };
		02C6EC792DA3946500039A0A /* Preview Assets.xcassets in Resources */ = {isa = PBXBuildFile; fileRef = 02C6EC782DA3946500039A0A /* Preview Assets.xcassets */; };
		02C6EC7B2DA3946500039A0A /* Persistence.swift in Sources */ = {isa = PBXBuildFile; fileRef = 02C6EC7A2DA3946500039A0A /* Persistence.swift */; };
		02C6EC7E2DA3946500039A0A /* O_Club.xcdatamodeld in Sources */ = {isa = PBXBuildFile; fileRef = 02C6EC7C2DA3946500039A0A /* O_Club.xcdatamodeld */; };
		02C6EC882DA3946500039A0A /* O_ClubTests.swift in Sources */ = {isa = PBXBuildFile; fileRef = 02C6EC872DA3946500039A0A /* O_ClubTests.swift */; };
		02C6EC922DA3946500039A0A /* O_ClubUITests.swift in Sources */ = {isa = PBXBuildFile; fileRef = 02C6EC912DA3946500039A0A /* O_ClubUITests.swift */; };
		02C6EC942DA3946500039A0A /* O_ClubUITestsLaunchTests.swift in Sources */ = {isa = PBXBuildFile; fileRef = 02C6EC932DA3946500039A0A /* O_ClubUITestsLaunchTests.swift */; };
		02C7D2B32DA3B1F300B99941 /* NetworkManager.swift in Sources */ = {isa = PBXBuildFile; fileRef = 02C7D2B22DA3B1F300B99941 /* NetworkManager.swift */; };
		02C7D2B62DA3B21B00B99941 /* APIError.swift in Sources */ = {isa = PBXBuildFile; fileRef = 02C7D2B52DA3B21B00B99941 /* APIError.swift */; };
		02C7D2B82DA3B24100B99941 /* AppDIContainer.swift in Sources */ = {isa = PBXBuildFile; fileRef = 02C7D2B72DA3B24100B99941 /* AppDIContainer.swift */; };
		02C7D2BA2DA3B26000B99941 /* View+Extension.swift in Sources */ = {isa = PBXBuildFile; fileRef = 02C7D2B92DA3B26000B99941 /* View+Extension.swift */; };
		02C7D2BC2DA3B26900B99941 /* String+Extension.swift in Sources */ = {isa = PBXBuildFile; fileRef = 02C7D2BB2DA3B26900B99941 /* String+Extension.swift */; };
		02C7D2BF2DA3B28300B99941 /* DateFormatterManager.swift in Sources */ = {isa = PBXBuildFile; fileRef = 02C7D2BE2DA3B28300B99941 /* DateFormatterManager.swift */; };
		02C7D2C12DA3B2A900B99941 /* UserModel.swift in Sources */ = {isa = PBXBuildFile; fileRef = 02C7D2C02DA3B2A900B99941 /* UserModel.swift */; };
		02C7D2C32DA3B2B400B99941 /* ClubModel.swift in Sources */ = {isa = PBXBuildFile; fileRef = 02C7D2C22DA3B2B400B99941 /* ClubModel.swift */; };
		02C7D2C52DA3B2C800B99941 /* NavigationBar.swift in Sources */ = {isa = PBXBuildFile; fileRef = 02C7D2C42DA3B2C800B99941 /* NavigationBar.swift */; };
		02C7D2C72DA3B2DC00B99941 /* Colors.swift in Sources */ = {isa = PBXBuildFile; fileRef = 02C7D2C62DA3B2DC00B99941 /* Colors.swift */; };
		02C7D2CB2DA3B47D00B99941 /* MainView.swift in Sources */ = {isa = PBXBuildFile; fileRef = 02C7D2CA2DA3B47D00B99941 /* MainView.swift */; };
		02C7D2CF2DA3B4CB00B99941 /* InfoItem.swift in Sources */ = {isa = PBXBuildFile; fileRef = 02C7D2CE2DA3B4CB00B99941 /* InfoItem.swift */; };
		02C7D2D12DA3B4D100B99941 /* Club.swift in Sources */ = {isa = PBXBuildFile; fileRef = 02C7D2D02DA3B4D100B99941 /* Club.swift */; };
		02C7D2D32DA3B4E000B99941 /* ClubPostsUserCase.swift in Sources */ = {isa = PBXBuildFile; fileRef = 02C7D2D22DA3B4E000B99941 /* ClubPostsUserCase.swift */; };
		02C7D2D82DA3C32300B99941 /* RemoteDataSource.swift in Sources */ = {isa = PBXBuildFile; fileRef = 02C7D2D72DA3C32300B99941 /* RemoteDataSource.swift */; };
		02C7D2DA2DA3C35300B99941 /* ClubRepository.swift in Sources */ = {isa = PBXBuildFile; fileRef = 02C7D2D92DA3C35300B99941 /* ClubRepository.swift */; };
		02C7D2DF2DA3C37F00B99941 /* CalendarView.swift in Sources */ = {isa = PBXBuildFile; fileRef = 02C7D2DE2DA3C37F00B99941 /* CalendarView.swift */; };
		02C7D2E42DA3C4AE00B99941 /* IntroductionView.swift in Sources */ = {isa = PBXBuildFile; fileRef = 02C7D2E32DA3C4AE00B99941 /* IntroductionView.swift */; };
		02C7D2EA2DA3C4DA00B99941 /* Event.swift in Sources */ = {isa = PBXBuildFile; fileRef = 02C7D2E92DA3C4DA00B99941 /* Event.swift */; };
		02C7D2EC2DA3C4EB00B99941 /* AddEventUseCase.swift in Sources */ = {isa = PBXBuildFile; fileRef = 02C7D2EB2DA3C4EB00B99941 /* AddEventUseCase.swift */; };
		02C7D2F42DA3C55B00B99941 /* RemoteCalendarDataSource.swift in Sources */ = {isa = PBXBuildFile; fileRef = 02C7D2F32DA3C55B00B99941 /* RemoteCalendarDataSource.swift */; };
		02C7D2F62DA3C56800B99941 /* CalendarRepository.swift in Sources */ = {isa = PBXBuildFile; fileRef = 02C7D2F52DA3C56800B99941 /* CalendarRepository.swift */; };
		02C7D2F82DA3C58600B99941 /* ClubIntro.swift in Sources */ = {isa = PBXBuildFile; fileRef = 02C7D2F72DA3C58600B99941 /* ClubIntro.swift */; };
		02C7D2FA2DA3C59D00B99941 /* FetchClubIntroListUseCase.swift in Sources */ = {isa = PBXBuildFile; fileRef = 02C7D2F92DA3C59D00B99941 /* FetchClubIntroListUseCase.swift */; };
		02C7D2FE2DA3C5B800B99941 /* RemoteClubIntroDataSource.swift in Sources */ = {isa = PBXBuildFile; fileRef = 02C7D2FD2DA3C5B800B99941 /* RemoteClubIntroDataSource.swift */; };
		02C7D3002DA3C5C800B99941 /* ClubIntroRepository.swift in Sources */ = {isa = PBXBuildFile; fileRef = 02C7D2FF2DA3C5C800B99941 /* ClubIntroRepository.swift */; };
		02C7D3092DA3C62600B99941 /* RemoteFAQRepository.swift in Sources */ = {isa = PBXBuildFile; fileRef = 02C7D3082DA3C62600B99941 /* RemoteFAQRepository.swift */; };
		02C7D30B2DA3C63700B99941 /* FAQRepository.swift in Sources */ = {isa = PBXBuildFile; fileRef = 02C7D30A2DA3C63700B99941 /* FAQRepository.swift */; };
		02C7D30D2DA3C64600B99941 /* FAQ.swift in Sources */ = {isa = PBXBuildFile; fileRef = 02C7D30C2DA3C64600B99941 /* FAQ.swift */; };
		02C7D30F2DA3C65200B99941 /* FetchFAQListUseCase.swift in Sources */ = {isa = PBXBuildFile; fileRef = 02C7D30E2DA3C65200B99941 /* FetchFAQListUseCase.swift */; };
		02C7D3112DA3C65800B99941 /* LoginView.swift in Sources */ = {isa = PBXBuildFile; fileRef = 02C7D3102DA3C65800B99941 /* LoginView.swift */; };
/* End PBXBuildFile section */

/* Begin PBXContainerItemProxy section */
		02C6EC842DA3946500039A0A /* PBXContainerItemProxy */ = {
			isa = PBXContainerItemProxy;
			containerPortal = 02C6EC662DA3946400039A0A /* Project object */;
			proxyType = 1;
			remoteGlobalIDString = 02C6EC6D2DA3946400039A0A;
			remoteInfo = "O'Club";
		};
		02C6EC8E2DA3946500039A0A /* PBXContainerItemProxy */ = {
			isa = PBXContainerItemProxy;
			containerPortal = 02C6EC662DA3946400039A0A /* Project object */;
			proxyType = 1;
			remoteGlobalIDString = 02C6EC6D2DA3946400039A0A;
			remoteInfo = "O'Club";
		};
/* End PBXContainerItemProxy section */

/* Begin PBXFileReference section */
		0239B3422DA634AA00F4DD71 /* LoginViewModel.swift */ = {isa = PBXFileReference; lastKnownFileType = sourcecode.swift; path = LoginViewModel.swift; sourceTree = "<group>"; };
		02457CBE2DA4A3C500582D20 /* ContentView.swift */ = {isa = PBXFileReference; lastKnownFileType = sourcecode.swift; path = ContentView.swift; sourceTree = "<group>"; };
		02457CC02DA4A47400582D20 /* FAQView.swift */ = {isa = PBXFileReference; lastKnownFileType = sourcecode.swift; path = FAQView.swift; sourceTree = "<group>"; };
		02457CC22DA4B45400582D20 /* ActionButton.swift */ = {isa = PBXFileReference; lastKnownFileType = sourcecode.swift; path = ActionButton.swift; sourceTree = "<group>"; };
		02457CC42DA4B80C00582D20 /* ScreenSize.swift */ = {isa = PBXFileReference; lastKnownFileType = sourcecode.swift; path = ScreenSize.swift; sourceTree = "<group>"; };
		02457CC62DA5011E00582D20 /* GoogleService-Info.plist */ = {isa = PBXFileReference; fileEncoding = 4; lastKnownFileType = text.plist.xml; path = "GoogleService-Info.plist"; sourceTree = "<group>"; };
		027D2E042DA75ED10029D2D6 /* CardShape.swift */ = {isa = PBXFileReference; lastKnownFileType = sourcecode.swift; path = CardShape.swift; sourceTree = "<group>"; };
		027D2E082DA794540029D2D6 /* MainViewModel.swift */ = {isa = PBXFileReference; lastKnownFileType = sourcecode.swift; path = MainViewModel.swift; sourceTree = "<group>"; };
		027D2E0E2DA7961F0029D2D6 /* CardContentView.swift */ = {isa = PBXFileReference; lastKnownFileType = sourcecode.swift; path = CardContentView.swift; sourceTree = "<group>"; };
		027D2E102DA7964A0029D2D6 /* CardContainer.swift */ = {isa = PBXFileReference; lastKnownFileType = sourcecode.swift; path = CardContainer.swift; sourceTree = "<group>"; };
		02C6EC6E2DA3946400039A0A /* O'Club.app */ = {isa = PBXFileReference; explicitFileType = wrapper.application; includeInIndex = 0; path = "O'Club.app"; sourceTree = BUILT_PRODUCTS_DIR; };
		02C6EC712DA3946400039A0A /* O_ClubApp.swift */ = {isa = PBXFileReference; lastKnownFileType = sourcecode.swift; path = O_ClubApp.swift; sourceTree = "<group>"; };
		02C6EC752DA3946500039A0A /* Assets.xcassets */ = {isa = PBXFileReference; lastKnownFileType = folder.assetcatalog; path = Assets.xcassets; sourceTree = "<group>"; };
		02C6EC782DA3946500039A0A /* Preview Assets.xcassets */ = {isa = PBXFileReference; lastKnownFileType = folder.assetcatalog; path = "Preview Assets.xcassets"; sourceTree = "<group>"; };
		02C6EC7A2DA3946500039A0A /* Persistence.swift */ = {isa = PBXFileReference; lastKnownFileType = sourcecode.swift; path = Persistence.swift; sourceTree = "<group>"; };
		02C6EC7D2DA3946500039A0A /* O_Club.xcdatamodel */ = {isa = PBXFileReference; lastKnownFileType = wrapper.xcdatamodel; path = O_Club.xcdatamodel; sourceTree = "<group>"; };
		02C6EC832DA3946500039A0A /* O'ClubTests.xctest */ = {isa = PBXFileReference; explicitFileType = wrapper.cfbundle; includeInIndex = 0; path = "O'ClubTests.xctest"; sourceTree = BUILT_PRODUCTS_DIR; };
		02C6EC872DA3946500039A0A /* O_ClubTests.swift */ = {isa = PBXFileReference; lastKnownFileType = sourcecode.swift; path = O_ClubTests.swift; sourceTree = "<group>"; };
		02C6EC8D2DA3946500039A0A /* O'ClubUITests.xctest */ = {isa = PBXFileReference; explicitFileType = wrapper.cfbundle; includeInIndex = 0; path = "O'ClubUITests.xctest"; sourceTree = BUILT_PRODUCTS_DIR; };
		02C6EC912DA3946500039A0A /* O_ClubUITests.swift */ = {isa = PBXFileReference; lastKnownFileType = sourcecode.swift; path = O_ClubUITests.swift; sourceTree = "<group>"; };
		02C6EC932DA3946500039A0A /* O_ClubUITestsLaunchTests.swift */ = {isa = PBXFileReference; lastKnownFileType = sourcecode.swift; path = O_ClubUITestsLaunchTests.swift; sourceTree = "<group>"; };
		02C7D2B22DA3B1F300B99941 /* NetworkManager.swift */ = {isa = PBXFileReference; lastKnownFileType = sourcecode.swift; path = NetworkManager.swift; sourceTree = "<group>"; };
		02C7D2B52DA3B21B00B99941 /* APIError.swift */ = {isa = PBXFileReference; lastKnownFileType = sourcecode.swift; path = APIError.swift; sourceTree = "<group>"; };
		02C7D2B72DA3B24100B99941 /* AppDIContainer.swift */ = {isa = PBXFileReference; lastKnownFileType = sourcecode.swift; path = AppDIContainer.swift; sourceTree = "<group>"; };
		02C7D2B92DA3B26000B99941 /* View+Extension.swift */ = {isa = PBXFileReference; lastKnownFileType = sourcecode.swift; path = "View+Extension.swift"; sourceTree = "<group>"; };
		02C7D2BB2DA3B26900B99941 /* String+Extension.swift */ = {isa = PBXFileReference; lastKnownFileType = sourcecode.swift; path = "String+Extension.swift"; sourceTree = "<group>"; };
		02C7D2BE2DA3B28300B99941 /* DateFormatterManager.swift */ = {isa = PBXFileReference; lastKnownFileType = sourcecode.swift; path = DateFormatterManager.swift; sourceTree = "<group>"; };
		02C7D2C02DA3B2A900B99941 /* UserModel.swift */ = {isa = PBXFileReference; lastKnownFileType = sourcecode.swift; path = UserModel.swift; sourceTree = "<group>"; };
		02C7D2C22DA3B2B400B99941 /* ClubModel.swift */ = {isa = PBXFileReference; lastKnownFileType = sourcecode.swift; path = ClubModel.swift; sourceTree = "<group>"; };
		02C7D2C42DA3B2C800B99941 /* NavigationBar.swift */ = {isa = PBXFileReference; lastKnownFileType = sourcecode.swift; path = NavigationBar.swift; sourceTree = "<group>"; };
		02C7D2C62DA3B2DC00B99941 /* Colors.swift */ = {isa = PBXFileReference; lastKnownFileType = sourcecode.swift; path = Colors.swift; sourceTree = "<group>"; };
		02C7D2CA2DA3B47D00B99941 /* MainView.swift */ = {isa = PBXFileReference; lastKnownFileType = sourcecode.swift; path = MainView.swift; sourceTree = "<group>"; };
		02C7D2CE2DA3B4CB00B99941 /* InfoItem.swift */ = {isa = PBXFileReference; lastKnownFileType = sourcecode.swift; path = InfoItem.swift; sourceTree = "<group>"; };
		02C7D2D02DA3B4D100B99941 /* Club.swift */ = {isa = PBXFileReference; lastKnownFileType = sourcecode.swift; path = Club.swift; sourceTree = "<group>"; };
		02C7D2D22DA3B4E000B99941 /* ClubPostsUserCase.swift */ = {isa = PBXFileReference; lastKnownFileType = sourcecode.swift; path = ClubPostsUserCase.swift; sourceTree = "<group>"; };
		02C7D2D72DA3C32300B99941 /* RemoteDataSource.swift */ = {isa = PBXFileReference; lastKnownFileType = sourcecode.swift; path = RemoteDataSource.swift; sourceTree = "<group>"; };
		02C7D2D92DA3C35300B99941 /* ClubRepository.swift */ = {isa = PBXFileReference; lastKnownFileType = sourcecode.swift; path = ClubRepository.swift; sourceTree = "<group>"; };
		02C7D2DE2DA3C37F00B99941 /* CalendarView.swift */ = {isa = PBXFileReference; lastKnownFileType = sourcecode.swift; path = CalendarView.swift; sourceTree = "<group>"; };
		02C7D2E32DA3C4AE00B99941 /* IntroductionView.swift */ = {isa = PBXFileReference; lastKnownFileType = sourcecode.swift; path = IntroductionView.swift; sourceTree = "<group>"; };
		02C7D2E92DA3C4DA00B99941 /* Event.swift */ = {isa = PBXFileReference; lastKnownFileType = sourcecode.swift; path = Event.swift; sourceTree = "<group>"; };
		02C7D2EB2DA3C4EB00B99941 /* AddEventUseCase.swift */ = {isa = PBXFileReference; lastKnownFileType = sourcecode.swift; path = AddEventUseCase.swift; sourceTree = "<group>"; };
		02C7D2F32DA3C55B00B99941 /* RemoteCalendarDataSource.swift */ = {isa = PBXFileReference; lastKnownFileType = sourcecode.swift; path = RemoteCalendarDataSource.swift; sourceTree = "<group>"; };
		02C7D2F52DA3C56800B99941 /* CalendarRepository.swift */ = {isa = PBXFileReference; lastKnownFileType = sourcecode.swift; path = CalendarRepository.swift; sourceTree = "<group>"; };
		02C7D2F72DA3C58600B99941 /* ClubIntro.swift */ = {isa = PBXFileReference; lastKnownFileType = sourcecode.swift; path = ClubIntro.swift; sourceTree = "<group>"; };
		02C7D2F92DA3C59D00B99941 /* FetchClubIntroListUseCase.swift */ = {isa = PBXFileReference; lastKnownFileType = sourcecode.swift; path = FetchClubIntroListUseCase.swift; sourceTree = "<group>"; };
		02C7D2FD2DA3C5B800B99941 /* RemoteClubIntroDataSource.swift */ = {isa = PBXFileReference; lastKnownFileType = sourcecode.swift; path = RemoteClubIntroDataSource.swift; sourceTree = "<group>"; };
		02C7D2FF2DA3C5C800B99941 /* ClubIntroRepository.swift */ = {isa = PBXFileReference; lastKnownFileType = sourcecode.swift; path = ClubIntroRepository.swift; sourceTree = "<group>"; };
		02C7D3082DA3C62600B99941 /* RemoteFAQRepository.swift */ = {isa = PBXFileReference; lastKnownFileType = sourcecode.swift; path = RemoteFAQRepository.swift; sourceTree = "<group>"; };
		02C7D30A2DA3C63700B99941 /* FAQRepository.swift */ = {isa = PBXFileReference; lastKnownFileType = sourcecode.swift; path = FAQRepository.swift; sourceTree = "<group>"; };
		02C7D30C2DA3C64600B99941 /* FAQ.swift */ = {isa = PBXFileReference; lastKnownFileType = sourcecode.swift; path = FAQ.swift; sourceTree = "<group>"; };
		02C7D30E2DA3C65200B99941 /* FetchFAQListUseCase.swift */ = {isa = PBXFileReference; lastKnownFileType = sourcecode.swift; path = FetchFAQListUseCase.swift; sourceTree = "<group>"; };
		02C7D3102DA3C65800B99941 /* LoginView.swift */ = {isa = PBXFileReference; lastKnownFileType = sourcecode.swift; path = LoginView.swift; sourceTree = "<group>"; };
/* End PBXFileReference section */

/* Begin PBXFrameworksBuildPhase section */
		02C6EC6B2DA3946400039A0A /* Frameworks */ = {
			isa = PBXFrameworksBuildPhase;
			buildActionMask = 2147483647;
			files = (
				02457CCA2DA5024500582D20 /* FirebaseDatabase in Frameworks */,
				02457CCC2DA5024500582D20 /* FirebaseStorage in Frameworks */,
			);
			runOnlyForDeploymentPostprocessing = 0;
		};
		02C6EC802DA3946500039A0A /* Frameworks */ = {
			isa = PBXFrameworksBuildPhase;
			buildActionMask = 2147483647;
			files = (
			);
			runOnlyForDeploymentPostprocessing = 0;
		};
		02C6EC8A2DA3946500039A0A /* Frameworks */ = {
			isa = PBXFrameworksBuildPhase;
			buildActionMask = 2147483647;
			files = (
			);
			runOnlyForDeploymentPostprocessing = 0;
		};
/* End PBXFrameworksBuildPhase section */

/* Begin PBXGroup section */
		0239B3412DA6338400F4DD71 /* Presentation */ = {
			isa = PBXGroup;
			children = (
				02C7D3102DA3C65800B99941 /* LoginView.swift */,
				0239B3422DA634AA00F4DD71 /* LoginViewModel.swift */,
			);
			path = Presentation;
			sourceTree = "<group>";
		};
		027D2E062DA793EA0029D2D6 /* View */ = {
			isa = PBXGroup;
			children = (
				027D2E042DA75ED10029D2D6 /* CardShape.swift */,
				02C7D2CA2DA3B47D00B99941 /* MainView.swift */,
				027D2E0E2DA7961F0029D2D6 /* CardContentView.swift */,
				027D2E102DA7964A0029D2D6 /* CardContainer.swift */,
			);
			path = View;
			sourceTree = "<group>";
		};
		027D2E072DA793F00029D2D6 /* ViewModel */ = {
			isa = PBXGroup;
			children = (
				027D2E082DA794540029D2D6 /* MainViewModel.swift */,
			);
			path = ViewModel;
			sourceTree = "<group>";
		};
		02C6EC652DA3946400039A0A = {
			isa = PBXGroup;
			children = (
				02457CC62DA5011E00582D20 /* GoogleService-Info.plist */,
				02C6EC702DA3946400039A0A /* O'Club */,
				02C6EC862DA3946500039A0A /* O'ClubTests */,
				02C6EC902DA3946500039A0A /* O'ClubUITests */,
				02C6EC6F2DA3946400039A0A /* Products */,
			);
			sourceTree = "<group>";
		};
		02C6EC6F2DA3946400039A0A /* Products */ = {
			isa = PBXGroup;
			children = (
				02C6EC6E2DA3946400039A0A /* O'Club.app */,
				02C6EC832DA3946500039A0A /* O'ClubTests.xctest */,
				02C6EC8D2DA3946500039A0A /* O'ClubUITests.xctest */,
			);
			name = Products;
			sourceTree = "<group>";
		};
		02C6EC702DA3946400039A0A /* O'Club */ = {
			isa = PBXGroup;
			children = (
				02C6ECA72DA3AC6D00039A0A /* Core */,
				02C6ECA62DA3AC5300039A0A /* App */,
				02C6ECA52DA3AC4100039A0A /* Shared */,
				02C6ECA42DA3AC3600039A0A /* Features */,
				02C6EC772DA3946500039A0A /* Preview Content */,
			);
			path = "O'Club";
			sourceTree = "<group>";
		};
		02C6EC772DA3946500039A0A /* Preview Content */ = {
			isa = PBXGroup;
			children = (
				02C6EC782DA3946500039A0A /* Preview Assets.xcassets */,
			);
			path = "Preview Content";
			sourceTree = "<group>";
		};
		02C6EC862DA3946500039A0A /* O'ClubTests */ = {
			isa = PBXGroup;
			children = (
				02C6EC872DA3946500039A0A /* O_ClubTests.swift */,
			);
			path = "O'ClubTests";
			sourceTree = "<group>";
		};
		02C6EC902DA3946500039A0A /* O'ClubUITests */ = {
			isa = PBXGroup;
			children = (
				02C6EC912DA3946500039A0A /* O_ClubUITests.swift */,
				02C6EC932DA3946500039A0A /* O_ClubUITestsLaunchTests.swift */,
			);
			path = "O'ClubUITests";
			sourceTree = "<group>";
		};
		02C6ECA42DA3AC3600039A0A /* Features */ = {
			isa = PBXGroup;
			children = (
				02C7D2AC2DA3B18700B99941 /* Login */,
				02C7D2AB2DA3B18000B99941 /* FAQ */,
				02C7D2AA2DA3B14900B99941 /* Introduction */,
				02C7D2A92DA3B14200B99941 /* Calendar */,
				02C7D2A82DA3B13900B99941 /* Main */,
			);
			path = Features;
			sourceTree = "<group>";
		};
		02C6ECA52DA3AC4100039A0A /* Shared */ = {
			isa = PBXGroup;
			children = (
				02C7D2AF2DA3B1A800B99941 /* Constants */,
				02C7D2AE2DA3B1A200B99941 /* Models */,
				02C7D2AD2DA3B19B00B99941 /* UIComponents */,
				02C6EC7A2DA3946500039A0A /* Persistence.swift */,
			);
			path = Shared;
			sourceTree = "<group>";
		};
		02C6ECA62DA3AC5300039A0A /* App */ = {
			isa = PBXGroup;
			children = (
				02C6EC752DA3946500039A0A /* Assets.xcassets */,
				02C6EC712DA3946400039A0A /* O_ClubApp.swift */,
				02457CBE2DA4A3C500582D20 /* ContentView.swift */,
			);
			path = App;
			sourceTree = "<group>";
		};
		02C6ECA72DA3AC6D00039A0A /* Core */ = {
			isa = PBXGroup;
			children = (
				02C7D2BD2DA3B27300B99941 /* Utilities */,
				02C7D2B42DA3B21200B99941 /* DI */,
				02C7D2B12DA3B1B400B99941 /* Extensions */,
				02C7D2B02DA3B1AF00B99941 /* Network */,
			);
			path = Core;
			sourceTree = "<group>";
		};
		02C7D2A82DA3B13900B99941 /* Main */ = {
			isa = PBXGroup;
			children = (
				02C7D2D42DA3B50C00B99941 /* Data */,
				02C7D2C92DA3B34600B99941 /* Domain */,
				02C7D2C82DA3B33A00B99941 /* Presentation */,
			);
			path = Main;
			sourceTree = "<group>";
		};
		02C7D2A92DA3B14200B99941 /* Calendar */ = {
			isa = PBXGroup;
			children = (
				02C7D2DD2DA3C36900B99941 /* Data */,
				02C7D2DC2DA3C36400B99941 /* Domain */,
				02C7D2DB2DA3C35E00B99941 /* Presentation */,
			);
			path = Calendar;
			sourceTree = "<group>";
		};
		02C7D2AA2DA3B14900B99941 /* Introduction */ = {
			isa = PBXGroup;
			children = (
				02C7D2E22DA3C3FC00B99941 /* Data */,
				02C7D2E12DA3C3F900B99941 /* Domain */,
				02C7D2E02DA3C3F200B99941 /* Presentation */,
			);
			path = Introduction;
			sourceTree = "<group>";
		};
		02C7D2AB2DA3B18000B99941 /* FAQ */ = {
			isa = PBXGroup;
			children = (
				02C7D3032DA3C5E500B99941 /* Data */,
				02C7D3022DA3C5E000B99941 /* Domain */,
				02C7D3012DA3C5DA00B99941 /* Presentation */,
			);
			path = FAQ;
			sourceTree = "<group>";
		};
		02C7D2AC2DA3B18700B99941 /* Login */ = {
			isa = PBXGroup;
			children = (
				0239B3412DA6338400F4DD71 /* Presentation */,
			);
			path = Login;
			sourceTree = "<group>";
		};
		02C7D2AD2DA3B19B00B99941 /* UIComponents */ = {
			isa = PBXGroup;
			children = (
				02C7D2C42DA3B2C800B99941 /* NavigationBar.swift */,
				02457CC22DA4B45400582D20 /* ActionButton.swift */,
			);
			path = UIComponents;
			sourceTree = "<group>";
		};
		02C7D2AE2DA3B1A200B99941 /* Models */ = {
			isa = PBXGroup;
			children = (
				02C6EC7C2DA3946500039A0A /* O_Club.xcdatamodeld */,
				02C7D2C02DA3B2A900B99941 /* UserModel.swift */,
				02C7D2C22DA3B2B400B99941 /* ClubModel.swift */,
			);
			path = Models;
			sourceTree = "<group>";
		};
		02C7D2AF2DA3B1A800B99941 /* Constants */ = {
			isa = PBXGroup;
			children = (
				02C7D2C62DA3B2DC00B99941 /* Colors.swift */,
				02457CC42DA4B80C00582D20 /* ScreenSize.swift */,
			);
			path = Constants;
			sourceTree = "<group>";
		};
		02C7D2B02DA3B1AF00B99941 /* Network */ = {
			isa = PBXGroup;
			children = (
				02C7D2B22DA3B1F300B99941 /* NetworkManager.swift */,
				02C7D2B52DA3B21B00B99941 /* APIError.swift */,
			);
			path = Network;
			sourceTree = "<group>";
		};
		02C7D2B12DA3B1B400B99941 /* Extensions */ = {
			isa = PBXGroup;
			children = (
				02C7D2B92DA3B26000B99941 /* View+Extension.swift */,
				02C7D2BB2DA3B26900B99941 /* String+Extension.swift */,
			);
			path = Extensions;
			sourceTree = "<group>";
		};
		02C7D2B42DA3B21200B99941 /* DI */ = {
			isa = PBXGroup;
			children = (
				02C7D2B72DA3B24100B99941 /* AppDIContainer.swift */,
			);
			path = DI;
			sourceTree = "<group>";
		};
		02C7D2BD2DA3B27300B99941 /* Utilities */ = {
			isa = PBXGroup;
			children = (
				02C7D2BE2DA3B28300B99941 /* DateFormatterManager.swift */,
			);
			path = Utilities;
			sourceTree = "<group>";
		};
		02C7D2C82DA3B33A00B99941 /* Presentation */ = {
			isa = PBXGroup;
			children = (
				027D2E072DA793F00029D2D6 /* ViewModel */,
				027D2E062DA793EA0029D2D6 /* View */,
			);
			path = Presentation;
			sourceTree = "<group>";
		};
		02C7D2C92DA3B34600B99941 /* Domain */ = {
			isa = PBXGroup;
			children = (
				02C7D2CD2DA3B48E00B99941 /* UseCases */,
				02C7D2CC2DA3B48900B99941 /* Entities */,
			);
			path = Domain;
			sourceTree = "<group>";
		};
		02C7D2CC2DA3B48900B99941 /* Entities */ = {
			isa = PBXGroup;
			children = (
				02C7D2CE2DA3B4CB00B99941 /* InfoItem.swift */,
				02C7D2D02DA3B4D100B99941 /* Club.swift */,
			);
			path = Entities;
			sourceTree = "<group>";
		};
		02C7D2CD2DA3B48E00B99941 /* UseCases */ = {
			isa = PBXGroup;
			children = (
				02C7D2D22DA3B4E000B99941 /* ClubPostsUserCase.swift */,
			);
			path = UseCases;
			sourceTree = "<group>";
		};
		02C7D2D42DA3B50C00B99941 /* Data */ = {
			isa = PBXGroup;
			children = (
				02C7D2D62DA3B51D00B99941 /* DataSources */,
				02C7D2D52DA3B51600B99941 /* Repositories */,
			);
			path = Data;
			sourceTree = "<group>";
		};
		02C7D2D52DA3B51600B99941 /* Repositories */ = {
			isa = PBXGroup;
			children = (
				02C7D2D92DA3C35300B99941 /* ClubRepository.swift */,
			);
			path = Repositories;
			sourceTree = "<group>";
		};
		02C7D2D62DA3B51D00B99941 /* DataSources */ = {
			isa = PBXGroup;
			children = (
				02C7D2D72DA3C32300B99941 /* RemoteDataSource.swift */,
			);
			path = DataSources;
			sourceTree = "<group>";
		};
		02C7D2DB2DA3C35E00B99941 /* Presentation */ = {
			isa = PBXGroup;
			children = (
				02C7D2DE2DA3C37F00B99941 /* CalendarView.swift */,
			);
			path = Presentation;
			sourceTree = "<group>";
		};
		02C7D2DC2DA3C36400B99941 /* Domain */ = {
			isa = PBXGroup;
			children = (
				02C7D2E82DA3C4CE00B99941 /* UseCases */,
				02C7D2E72DA3C4CA00B99941 /* Entities */,
			);
			path = Domain;
			sourceTree = "<group>";
		};
		02C7D2DD2DA3C36900B99941 /* Data */ = {
			isa = PBXGroup;
			children = (
				02C7D2F22DA3C53B00B99941 /* DataSources */,
				02C7D2F12DA3C53500B99941 /* Repositories */,
			);
			path = Data;
			sourceTree = "<group>";
		};
		02C7D2E02DA3C3F200B99941 /* Presentation */ = {
			isa = PBXGroup;
			children = (
				02C7D2E32DA3C4AE00B99941 /* IntroductionView.swift */,
			);
			path = Presentation;
			sourceTree = "<group>";
		};
		02C7D2E12DA3C3F900B99941 /* Domain */ = {
			isa = PBXGroup;
			children = (
				02C7D2E62DA3C4B900B99941 /* UseCases */,
				02C7D2E52DA3C4B300B99941 /* Entities */,
			);
			path = Domain;
			sourceTree = "<group>";
		};
		02C7D2E22DA3C3FC00B99941 /* Data */ = {
			isa = PBXGroup;
			children = (
				02C7D2FC2DA3C5AA00B99941 /* DataSources */,
				02C7D2FB2DA3C5A300B99941 /* Repositories */,
			);
			path = Data;
			sourceTree = "<group>";
		};
		02C7D2E52DA3C4B300B99941 /* Entities */ = {
			isa = PBXGroup;
			children = (
				02C7D2F72DA3C58600B99941 /* ClubIntro.swift */,
			);
			path = Entities;
			sourceTree = "<group>";
		};
		02C7D2E62DA3C4B900B99941 /* UseCases */ = {
			isa = PBXGroup;
			children = (
				02C7D2F92DA3C59D00B99941 /* FetchClubIntroListUseCase.swift */,
			);
			path = UseCases;
			sourceTree = "<group>";
		};
		02C7D2E72DA3C4CA00B99941 /* Entities */ = {
			isa = PBXGroup;
			children = (
				02C7D2E92DA3C4DA00B99941 /* Event.swift */,
			);
			path = Entities;
			sourceTree = "<group>";
		};
		02C7D2E82DA3C4CE00B99941 /* UseCases */ = {
			isa = PBXGroup;
			children = (
				02C7D2EB2DA3C4EB00B99941 /* AddEventUseCase.swift */,
			);
			path = UseCases;
			sourceTree = "<group>";
		};
		02C7D2F12DA3C53500B99941 /* Repositories */ = {
			isa = PBXGroup;
			children = (
				02C7D2F52DA3C56800B99941 /* CalendarRepository.swift */,
			);
			path = Repositories;
			sourceTree = "<group>";
		};
		02C7D2F22DA3C53B00B99941 /* DataSources */ = {
			isa = PBXGroup;
			children = (
				02C7D2F32DA3C55B00B99941 /* RemoteCalendarDataSource.swift */,
			);
			path = DataSources;
			sourceTree = "<group>";
		};
		02C7D2FB2DA3C5A300B99941 /* Repositories */ = {
			isa = PBXGroup;
			children = (
				02C7D2FF2DA3C5C800B99941 /* ClubIntroRepository.swift */,
			);
			path = Repositories;
			sourceTree = "<group>";
		};
		02C7D2FC2DA3C5AA00B99941 /* DataSources */ = {
			isa = PBXGroup;
			children = (
				02C7D2FD2DA3C5B800B99941 /* RemoteClubIntroDataSource.swift */,
			);
			path = DataSources;
			sourceTree = "<group>";
		};
		02C7D3012DA3C5DA00B99941 /* Presentation */ = {
			isa = PBXGroup;
			children = (
				02457CC02DA4A47400582D20 /* FAQView.swift */,
			);
			path = Presentation;
			sourceTree = "<group>";
		};
		02C7D3022DA3C5E000B99941 /* Domain */ = {
			isa = PBXGroup;
			children = (
				02C7D3052DA3C5ED00B99941 /* UseCases */,
				02C7D3042DA3C5EA00B99941 /* Entities */,
			);
			path = Domain;
			sourceTree = "<group>";
		};
		02C7D3032DA3C5E500B99941 /* Data */ = {
			isa = PBXGroup;
			children = (
				02C7D3072DA3C60C00B99941 /* DataSources */,
				02C7D3062DA3C5F500B99941 /* Repositories */,
			);
			path = Data;
			sourceTree = "<group>";
		};
		02C7D3042DA3C5EA00B99941 /* Entities */ = {
			isa = PBXGroup;
			children = (
				02C7D30C2DA3C64600B99941 /* FAQ.swift */,
			);
			path = Entities;
			sourceTree = "<group>";
		};
		02C7D3052DA3C5ED00B99941 /* UseCases */ = {
			isa = PBXGroup;
			children = (
				02C7D30E2DA3C65200B99941 /* FetchFAQListUseCase.swift */,
			);
			path = UseCases;
			sourceTree = "<group>";
		};
		02C7D3062DA3C5F500B99941 /* Repositories */ = {
			isa = PBXGroup;
			children = (
				02C7D30A2DA3C63700B99941 /* FAQRepository.swift */,
			);
			path = Repositories;
			sourceTree = "<group>";
		};
		02C7D3072DA3C60C00B99941 /* DataSources */ = {
			isa = PBXGroup;
			children = (
				02C7D3082DA3C62600B99941 /* RemoteFAQRepository.swift */,
			);
			path = DataSources;
			sourceTree = "<group>";
		};
/* End PBXGroup section */

/* Begin PBXNativeTarget section */
		02C6EC6D2DA3946400039A0A /* O'Club */ = {
			isa = PBXNativeTarget;
			buildConfigurationList = 02C6EC972DA3946500039A0A /* Build configuration list for PBXNativeTarget "O'Club" */;
			buildPhases = (
				02C6EC6A2DA3946400039A0A /* Sources */,
				02C6EC6B2DA3946400039A0A /* Frameworks */,
				02C6EC6C2DA3946400039A0A /* Resources */,
			);
			buildRules = (
			);
			dependencies = (
			);
			name = "O'Club";
			packageProductDependencies = (
				02457CC92DA5024500582D20 /* FirebaseDatabase */,
				02457CCB2DA5024500582D20 /* FirebaseStorage */,
			);
			productName = "O'Club";
			productReference = 02C6EC6E2DA3946400039A0A /* O'Club.app */;
			productType = "com.apple.product-type.application";
		};
		02C6EC822DA3946500039A0A /* O'ClubTests */ = {
			isa = PBXNativeTarget;
			buildConfigurationList = 02C6EC9A2DA3946500039A0A /* Build configuration list for PBXNativeTarget "O'ClubTests" */;
			buildPhases = (
				02C6EC7F2DA3946500039A0A /* Sources */,
				02C6EC802DA3946500039A0A /* Frameworks */,
				02C6EC812DA3946500039A0A /* Resources */,
			);
			buildRules = (
			);
			dependencies = (
				02C6EC852DA3946500039A0A /* PBXTargetDependency */,
			);
			name = "O'ClubTests";
			productName = "O'ClubTests";
			productReference = 02C6EC832DA3946500039A0A /* O'ClubTests.xctest */;
			productType = "com.apple.product-type.bundle.unit-test";
		};
		02C6EC8C2DA3946500039A0A /* O'ClubUITests */ = {
			isa = PBXNativeTarget;
			buildConfigurationList = 02C6EC9D2DA3946500039A0A /* Build configuration list for PBXNativeTarget "O'ClubUITests" */;
			buildPhases = (
				02C6EC892DA3946500039A0A /* Sources */,
				02C6EC8A2DA3946500039A0A /* Frameworks */,
				02C6EC8B2DA3946500039A0A /* Resources */,
			);
			buildRules = (
			);
			dependencies = (
				02C6EC8F2DA3946500039A0A /* PBXTargetDependency */,
			);
			name = "O'ClubUITests";
			productName = "O'ClubUITests";
			productReference = 02C6EC8D2DA3946500039A0A /* O'ClubUITests.xctest */;
			productType = "com.apple.product-type.bundle.ui-testing";
		};
/* End PBXNativeTarget section */

/* Begin PBXProject section */
		02C6EC662DA3946400039A0A /* Project object */ = {
			isa = PBXProject;
			attributes = {
				BuildIndependentTargetsInParallel = 1;
				LastSwiftUpdateCheck = 1500;
				LastUpgradeCheck = 1500;
				TargetAttributes = {
					02C6EC6D2DA3946400039A0A = {
						CreatedOnToolsVersion = 15.0;
					};
					02C6EC822DA3946500039A0A = {
						CreatedOnToolsVersion = 15.0;
						TestTargetID = 02C6EC6D2DA3946400039A0A;
					};
					02C6EC8C2DA3946500039A0A = {
						CreatedOnToolsVersion = 15.0;
						TestTargetID = 02C6EC6D2DA3946400039A0A;
					};
				};
			};
			buildConfigurationList = 02C6EC692DA3946400039A0A /* Build configuration list for PBXProject "O'Club" */;
			compatibilityVersion = "Xcode 14.0";
			developmentRegion = en;
			hasScannedForEncodings = 0;
			knownRegions = (
				en,
				Base,
			);
			mainGroup = 02C6EC652DA3946400039A0A;
			packageReferences = (
				02457CC82DA5024500582D20 /* XCRemoteSwiftPackageReference "firebase-ios-sdk" */,
			);
			productRefGroup = 02C6EC6F2DA3946400039A0A /* Products */;
			projectDirPath = "";
			projectRoot = "";
			targets = (
				02C6EC6D2DA3946400039A0A /* O'Club */,
				02C6EC822DA3946500039A0A /* O'ClubTests */,
				02C6EC8C2DA3946500039A0A /* O'ClubUITests */,
			);
		};
/* End PBXProject section */

/* Begin PBXResourcesBuildPhase section */
		02C6EC6C2DA3946400039A0A /* Resources */ = {
			isa = PBXResourcesBuildPhase;
			buildActionMask = 2147483647;
			files = (
				02C6EC792DA3946500039A0A /* Preview Assets.xcassets in Resources */,
				02C6EC762DA3946500039A0A /* Assets.xcassets in Resources */,
				02457CC72DA5011E00582D20 /* GoogleService-Info.plist in Resources */,
			);
			runOnlyForDeploymentPostprocessing = 0;
		};
		02C6EC812DA3946500039A0A /* Resources */ = {
			isa = PBXResourcesBuildPhase;
			buildActionMask = 2147483647;
			files = (
			);
			runOnlyForDeploymentPostprocessing = 0;
		};
		02C6EC8B2DA3946500039A0A /* Resources */ = {
			isa = PBXResourcesBuildPhase;
			buildActionMask = 2147483647;
			files = (
			);
			runOnlyForDeploymentPostprocessing = 0;
		};
/* End PBXResourcesBuildPhase section */

/* Begin PBXSourcesBuildPhase section */
		02C6EC6A2DA3946400039A0A /* Sources */ = {
			isa = PBXSourcesBuildPhase;
			buildActionMask = 2147483647;
			files = (
				02C7D2C32DA3B2B400B99941 /* ClubModel.swift in Sources */,
				02C7D2CB2DA3B47D00B99941 /* MainView.swift in Sources */,
				02C7D2F42DA3C55B00B99941 /* RemoteCalendarDataSource.swift in Sources */,
				02C7D2FA2DA3C59D00B99941 /* FetchClubIntroListUseCase.swift in Sources */,
				02C7D2BC2DA3B26900B99941 /* String+Extension.swift in Sources */,
				02C7D30F2DA3C65200B99941 /* FetchFAQListUseCase.swift in Sources */,
				02C7D2EC2DA3C4EB00B99941 /* AddEventUseCase.swift in Sources */,
				027D2E0F2DA7961F0029D2D6 /* CardContentView.swift in Sources */,
				02C7D2BF2DA3B28300B99941 /* DateFormatterManager.swift in Sources */,
				0239B3432DA634AA00F4DD71 /* LoginViewModel.swift in Sources */,
				02C7D2D82DA3C32300B99941 /* RemoteDataSource.swift in Sources */,
				02C7D2B32DA3B1F300B99941 /* NetworkManager.swift in Sources */,
				02C7D3112DA3C65800B99941 /* LoginView.swift in Sources */,
				02C7D3002DA3C5C800B99941 /* ClubIntroRepository.swift in Sources */,
				02C6EC7B2DA3946500039A0A /* Persistence.swift in Sources */,
				027D2E052DA75ED10029D2D6 /* CardShape.swift in Sources */,
				02C7D2B82DA3B24100B99941 /* AppDIContainer.swift in Sources */,
				02C7D2E42DA3C4AE00B99941 /* IntroductionView.swift in Sources */,
				02C6EC722DA3946400039A0A /* O_ClubApp.swift in Sources */,
				02457CBF2DA4A3C500582D20 /* ContentView.swift in Sources */,
				02C7D3092DA3C62600B99941 /* RemoteFAQRepository.swift in Sources */,
				02457CC52DA4B80C00582D20 /* ScreenSize.swift in Sources */,
				02C7D2B62DA3B21B00B99941 /* APIError.swift in Sources */,
				02C7D2DF2DA3C37F00B99941 /* CalendarView.swift in Sources */,
				02C7D2FE2DA3C5B800B99941 /* RemoteClubIntroDataSource.swift in Sources */,
				02C7D2EA2DA3C4DA00B99941 /* Event.swift in Sources */,
				02C7D2F62DA3C56800B99941 /* CalendarRepository.swift in Sources */,
				02C7D2F82DA3C58600B99941 /* ClubIntro.swift in Sources */,
				02C7D2CF2DA3B4CB00B99941 /* InfoItem.swift in Sources */,
				02C7D2C72DA3B2DC00B99941 /* Colors.swift in Sources */,
				02C7D2D12DA3B4D100B99941 /* Club.swift in Sources */,
				02C7D2D32DA3B4E000B99941 /* ClubPostsUserCase.swift in Sources */,
				02C7D2BA2DA3B26000B99941 /* View+Extension.swift in Sources */,
				02C7D2C12DA3B2A900B99941 /* UserModel.swift in Sources */,
				02C6EC7E2DA3946500039A0A /* O_Club.xcdatamodeld in Sources */,
				02457CC12DA4A47400582D20 /* FAQView.swift in Sources */,
				02C7D30D2DA3C64600B99941 /* FAQ.swift in Sources */,
				02457CC32DA4B45400582D20 /* ActionButton.swift in Sources */,
				02C7D30B2DA3C63700B99941 /* FAQRepository.swift in Sources */,
				02C7D2C52DA3B2C800B99941 /* NavigationBar.swift in Sources */,
				027D2E092DA794540029D2D6 /* MainViewModel.swift in Sources */,
				02C7D2DA2DA3C35300B99941 /* ClubRepository.swift in Sources */,
				027D2E112DA7964A0029D2D6 /* CardContainer.swift in Sources */,
			);
			runOnlyForDeploymentPostprocessing = 0;
		};
		02C6EC7F2DA3946500039A0A /* Sources */ = {
			isa = PBXSourcesBuildPhase;
			buildActionMask = 2147483647;
			files = (
				02C6EC882DA3946500039A0A /* O_ClubTests.swift in Sources */,
			);
			runOnlyForDeploymentPostprocessing = 0;
		};
		02C6EC892DA3946500039A0A /* Sources */ = {
			isa = PBXSourcesBuildPhase;
			buildActionMask = 2147483647;
			files = (
				02C6EC942DA3946500039A0A /* O_ClubUITestsLaunchTests.swift in Sources */,
				02C6EC922DA3946500039A0A /* O_ClubUITests.swift in Sources */,
			);
			runOnlyForDeploymentPostprocessing = 0;
		};
/* End PBXSourcesBuildPhase section */

/* Begin PBXTargetDependency section */
		02C6EC852DA3946500039A0A /* PBXTargetDependency */ = {
			isa = PBXTargetDependency;
			target = 02C6EC6D2DA3946400039A0A /* O'Club */;
			targetProxy = 02C6EC842DA3946500039A0A /* PBXContainerItemProxy */;
		};
		02C6EC8F2DA3946500039A0A /* PBXTargetDependency */ = {
			isa = PBXTargetDependency;
			target = 02C6EC6D2DA3946400039A0A /* O'Club */;
			targetProxy = 02C6EC8E2DA3946500039A0A /* PBXContainerItemProxy */;
		};
/* End PBXTargetDependency section */

/* Begin XCBuildConfiguration section */
		02C6EC952DA3946500039A0A /* Debug */ = {
			isa = XCBuildConfiguration;
			buildSettings = {
				ALWAYS_SEARCH_USER_PATHS = NO;
				ASSETCATALOG_COMPILER_GENERATE_SWIFT_ASSET_SYMBOL_EXTENSIONS = YES;
				CLANG_ANALYZER_NONNULL = YES;
				CLANG_ANALYZER_NUMBER_OBJECT_CONVERSION = YES_AGGRESSIVE;
				CLANG_CXX_LANGUAGE_STANDARD = "gnu++20";
				CLANG_ENABLE_MODULES = YES;
				CLANG_ENABLE_OBJC_ARC = YES;
				CLANG_ENABLE_OBJC_WEAK = YES;
				CLANG_WARN_BLOCK_CAPTURE_AUTORELEASING = YES;
				CLANG_WARN_BOOL_CONVERSION = YES;
				CLANG_WARN_COMMA = YES;
				CLANG_WARN_CONSTANT_CONVERSION = YES;
				CLANG_WARN_DEPRECATED_OBJC_IMPLEMENTATIONS = YES;
				CLANG_WARN_DIRECT_OBJC_ISA_USAGE = YES_ERROR;
				CLANG_WARN_DOCUMENTATION_COMMENTS = YES;
				CLANG_WARN_EMPTY_BODY = YES;
				CLANG_WARN_ENUM_CONVERSION = YES;
				CLANG_WARN_INFINITE_RECURSION = YES;
				CLANG_WARN_INT_CONVERSION = YES;
				CLANG_WARN_NON_LITERAL_NULL_CONVERSION = YES;
				CLANG_WARN_OBJC_IMPLICIT_RETAIN_SELF = YES;
				CLANG_WARN_OBJC_LITERAL_CONVERSION = YES;
				CLANG_WARN_OBJC_ROOT_CLASS = YES_ERROR;
				CLANG_WARN_QUOTED_INCLUDE_IN_FRAMEWORK_HEADER = YES;
				CLANG_WARN_RANGE_LOOP_ANALYSIS = YES;
				CLANG_WARN_STRICT_PROTOTYPES = YES;
				CLANG_WARN_SUSPICIOUS_MOVE = YES;
				CLANG_WARN_UNGUARDED_AVAILABILITY = YES_AGGRESSIVE;
				CLANG_WARN_UNREACHABLE_CODE = YES;
				CLANG_WARN__DUPLICATE_METHOD_MATCH = YES;
				COPY_PHASE_STRIP = NO;
				DEBUG_INFORMATION_FORMAT = dwarf;
				ENABLE_STRICT_OBJC_MSGSEND = YES;
				ENABLE_TESTABILITY = YES;
				ENABLE_USER_SCRIPT_SANDBOXING = YES;
				GCC_C_LANGUAGE_STANDARD = gnu17;
				GCC_DYNAMIC_NO_PIC = NO;
				GCC_NO_COMMON_BLOCKS = YES;
				GCC_OPTIMIZATION_LEVEL = 0;
				GCC_PREPROCESSOR_DEFINITIONS = (
					"DEBUG=1",
					"$(inherited)",
				);
				GCC_WARN_64_TO_32_BIT_CONVERSION = YES;
				GCC_WARN_ABOUT_RETURN_TYPE = YES_ERROR;
				GCC_WARN_UNDECLARED_SELECTOR = YES;
				GCC_WARN_UNINITIALIZED_AUTOS = YES_AGGRESSIVE;
				GCC_WARN_UNUSED_FUNCTION = YES;
				GCC_WARN_UNUSED_VARIABLE = YES;
				IPHONEOS_DEPLOYMENT_TARGET = 17.0;
				LOCALIZATION_PREFERS_STRING_CATALOGS = YES;
				MTL_ENABLE_DEBUG_INFO = INCLUDE_SOURCE;
				MTL_FAST_MATH = YES;
				ONLY_ACTIVE_ARCH = YES;
				SDKROOT = iphoneos;
				SWIFT_ACTIVE_COMPILATION_CONDITIONS = "DEBUG $(inherited)";
				SWIFT_OPTIMIZATION_LEVEL = "-Onone";
			};
			name = Debug;
		};
		02C6EC962DA3946500039A0A /* Release */ = {
			isa = XCBuildConfiguration;
			buildSettings = {
				ALWAYS_SEARCH_USER_PATHS = NO;
				ASSETCATALOG_COMPILER_GENERATE_SWIFT_ASSET_SYMBOL_EXTENSIONS = YES;
				CLANG_ANALYZER_NONNULL = YES;
				CLANG_ANALYZER_NUMBER_OBJECT_CONVERSION = YES_AGGRESSIVE;
				CLANG_CXX_LANGUAGE_STANDARD = "gnu++20";
				CLANG_ENABLE_MODULES = YES;
				CLANG_ENABLE_OBJC_ARC = YES;
				CLANG_ENABLE_OBJC_WEAK = YES;
				CLANG_WARN_BLOCK_CAPTURE_AUTORELEASING = YES;
				CLANG_WARN_BOOL_CONVERSION = YES;
				CLANG_WARN_COMMA = YES;
				CLANG_WARN_CONSTANT_CONVERSION = YES;
				CLANG_WARN_DEPRECATED_OBJC_IMPLEMENTATIONS = YES;
				CLANG_WARN_DIRECT_OBJC_ISA_USAGE = YES_ERROR;
				CLANG_WARN_DOCUMENTATION_COMMENTS = YES;
				CLANG_WARN_EMPTY_BODY = YES;
				CLANG_WARN_ENUM_CONVERSION = YES;
				CLANG_WARN_INFINITE_RECURSION = YES;
				CLANG_WARN_INT_CONVERSION = YES;
				CLANG_WARN_NON_LITERAL_NULL_CONVERSION = YES;
				CLANG_WARN_OBJC_IMPLICIT_RETAIN_SELF = YES;
				CLANG_WARN_OBJC_LITERAL_CONVERSION = YES;
				CLANG_WARN_OBJC_ROOT_CLASS = YES_ERROR;
				CLANG_WARN_QUOTED_INCLUDE_IN_FRAMEWORK_HEADER = YES;
				CLANG_WARN_RANGE_LOOP_ANALYSIS = YES;
				CLANG_WARN_STRICT_PROTOTYPES = YES;
				CLANG_WARN_SUSPICIOUS_MOVE = YES;
				CLANG_WARN_UNGUARDED_AVAILABILITY = YES_AGGRESSIVE;
				CLANG_WARN_UNREACHABLE_CODE = YES;
				CLANG_WARN__DUPLICATE_METHOD_MATCH = YES;
				COPY_PHASE_STRIP = NO;
				DEBUG_INFORMATION_FORMAT = "dwarf-with-dsym";
				ENABLE_NS_ASSERTIONS = NO;
				ENABLE_STRICT_OBJC_MSGSEND = YES;
				ENABLE_USER_SCRIPT_SANDBOXING = YES;
				GCC_C_LANGUAGE_STANDARD = gnu17;
				GCC_NO_COMMON_BLOCKS = YES;
				GCC_WARN_64_TO_32_BIT_CONVERSION = YES;
				GCC_WARN_ABOUT_RETURN_TYPE = YES_ERROR;
				GCC_WARN_UNDECLARED_SELECTOR = YES;
				GCC_WARN_UNINITIALIZED_AUTOS = YES_AGGRESSIVE;
				GCC_WARN_UNUSED_FUNCTION = YES;
				GCC_WARN_UNUSED_VARIABLE = YES;
				IPHONEOS_DEPLOYMENT_TARGET = 17.0;
				LOCALIZATION_PREFERS_STRING_CATALOGS = YES;
				MTL_ENABLE_DEBUG_INFO = NO;
				MTL_FAST_MATH = YES;
				SDKROOT = iphoneos;
				SWIFT_COMPILATION_MODE = wholemodule;
				VALIDATE_PRODUCT = YES;
			};
			name = Release;
		};
		02C6EC982DA3946500039A0A /* Debug */ = {
			isa = XCBuildConfiguration;
			buildSettings = {
				ASSETCATALOG_COMPILER_APPICON_NAME = AppIcon;
				ASSETCATALOG_COMPILER_GLOBAL_ACCENT_COLOR_NAME = AccentColor;
				CODE_SIGN_STYLE = Automatic;
				CURRENT_PROJECT_VERSION = 1;
				DEVELOPMENT_ASSET_PATHS = "\"O'Club/Preview Content\"";
				DEVELOPMENT_TEAM = 2QWMDJG53V;
				ENABLE_PREVIEWS = YES;
				GENERATE_INFOPLIST_FILE = YES;
				INFOPLIST_KEY_UIApplicationSceneManifest_Generation = YES;
				INFOPLIST_KEY_UIApplicationSupportsIndirectInputEvents = YES;
				INFOPLIST_KEY_UILaunchScreen_Generation = YES;
				INFOPLIST_KEY_UISupportedInterfaceOrientations_iPad = "UIInterfaceOrientationPortrait UIInterfaceOrientationPortraitUpsideDown UIInterfaceOrientationLandscapeLeft UIInterfaceOrientationLandscapeRight";
				INFOPLIST_KEY_UISupportedInterfaceOrientations_iPhone = "UIInterfaceOrientationPortrait UIInterfaceOrientationLandscapeLeft UIInterfaceOrientationLandscapeRight";
				LD_RUNPATH_SEARCH_PATHS = (
					"$(inherited)",
					"@executable_path/Frameworks",
				);
				MARKETING_VERSION = 1.0;
				PRODUCT_BUNDLE_IDENTIFIER = "wonni.O-Club";
				PRODUCT_NAME = "$(TARGET_NAME)";
				SWIFT_EMIT_LOC_STRINGS = YES;
				SWIFT_VERSION = 5.0;
				TARGETED_DEVICE_FAMILY = "1,2";
			};
			name = Debug;
		};
		02C6EC992DA3946500039A0A /* Release */ = {
			isa = XCBuildConfiguration;
			buildSettings = {
				ASSETCATALOG_COMPILER_APPICON_NAME = AppIcon;
				ASSETCATALOG_COMPILER_GLOBAL_ACCENT_COLOR_NAME = AccentColor;
				CODE_SIGN_STYLE = Automatic;
				CURRENT_PROJECT_VERSION = 1;
				DEVELOPMENT_ASSET_PATHS = "\"O'Club/Preview Content\"";
				DEVELOPMENT_TEAM = 2QWMDJG53V;
				ENABLE_PREVIEWS = YES;
				GENERATE_INFOPLIST_FILE = YES;
				INFOPLIST_KEY_UIApplicationSceneManifest_Generation = YES;
				INFOPLIST_KEY_UIApplicationSupportsIndirectInputEvents = YES;
				INFOPLIST_KEY_UILaunchScreen_Generation = YES;
				INFOPLIST_KEY_UISupportedInterfaceOrientations_iPad = "UIInterfaceOrientationPortrait UIInterfaceOrientationPortraitUpsideDown UIInterfaceOrientationLandscapeLeft UIInterfaceOrientationLandscapeRight";
				INFOPLIST_KEY_UISupportedInterfaceOrientations_iPhone = "UIInterfaceOrientationPortrait UIInterfaceOrientationLandscapeLeft UIInterfaceOrientationLandscapeRight";
				LD_RUNPATH_SEARCH_PATHS = (
					"$(inherited)",
					"@executable_path/Frameworks",
				);
				MARKETING_VERSION = 1.0;
				PRODUCT_BUNDLE_IDENTIFIER = "wonni.O-Club";
				PRODUCT_NAME = "$(TARGET_NAME)";
				SWIFT_EMIT_LOC_STRINGS = YES;
				SWIFT_VERSION = 5.0;
				TARGETED_DEVICE_FAMILY = "1,2";
			};
			name = Release;
		};
		02C6EC9B2DA3946500039A0A /* Debug */ = {
			isa = XCBuildConfiguration;
			buildSettings = {
				ALWAYS_EMBED_SWIFT_STANDARD_LIBRARIES = YES;
				BUNDLE_LOADER = "$(TEST_HOST)";
				CODE_SIGN_STYLE = Automatic;
				CURRENT_PROJECT_VERSION = 1;
				DEVELOPMENT_TEAM = 2QWMDJG53V;
				GENERATE_INFOPLIST_FILE = YES;
				IPHONEOS_DEPLOYMENT_TARGET = 17.0;
				MARKETING_VERSION = 1.0;
				PRODUCT_BUNDLE_IDENTIFIER = "wonni.O-ClubTests";
				PRODUCT_NAME = "$(TARGET_NAME)";
				SWIFT_EMIT_LOC_STRINGS = NO;
				SWIFT_VERSION = 5.0;
				TARGETED_DEVICE_FAMILY = "1,2";
				TEST_HOST = "$(BUILT_PRODUCTS_DIR)/O'Club.app/$(BUNDLE_EXECUTABLE_FOLDER_PATH)/O'Club";
			};
			name = Debug;
		};
		02C6EC9C2DA3946500039A0A /* Release */ = {
			isa = XCBuildConfiguration;
			buildSettings = {
				ALWAYS_EMBED_SWIFT_STANDARD_LIBRARIES = YES;
				BUNDLE_LOADER = "$(TEST_HOST)";
				CODE_SIGN_STYLE = Automatic;
				CURRENT_PROJECT_VERSION = 1;
				DEVELOPMENT_TEAM = 2QWMDJG53V;
				GENERATE_INFOPLIST_FILE = YES;
				IPHONEOS_DEPLOYMENT_TARGET = 17.0;
				MARKETING_VERSION = 1.0;
				PRODUCT_BUNDLE_IDENTIFIER = "wonni.O-ClubTests";
				PRODUCT_NAME = "$(TARGET_NAME)";
				SWIFT_EMIT_LOC_STRINGS = NO;
				SWIFT_VERSION = 5.0;
				TARGETED_DEVICE_FAMILY = "1,2";
				TEST_HOST = "$(BUILT_PRODUCTS_DIR)/O'Club.app/$(BUNDLE_EXECUTABLE_FOLDER_PATH)/O'Club";
			};
			name = Release;
		};
		02C6EC9E2DA3946500039A0A /* Debug */ = {
			isa = XCBuildConfiguration;
			buildSettings = {
				ALWAYS_EMBED_SWIFT_STANDARD_LIBRARIES = YES;
				CODE_SIGN_STYLE = Automatic;
				CURRENT_PROJECT_VERSION = 1;
				DEVELOPMENT_TEAM = 2QWMDJG53V;
				GENERATE_INFOPLIST_FILE = YES;
				MARKETING_VERSION = 1.0;
				PRODUCT_BUNDLE_IDENTIFIER = "wonni.O-ClubUITests";
				PRODUCT_NAME = "$(TARGET_NAME)";
				SWIFT_EMIT_LOC_STRINGS = NO;
				SWIFT_VERSION = 5.0;
				TARGETED_DEVICE_FAMILY = "1,2";
				TEST_TARGET_NAME = "O'Club";
			};
			name = Debug;
		};
		02C6EC9F2DA3946500039A0A /* Release */ = {
			isa = XCBuildConfiguration;
			buildSettings = {
				ALWAYS_EMBED_SWIFT_STANDARD_LIBRARIES = YES;
				CODE_SIGN_STYLE = Automatic;
				CURRENT_PROJECT_VERSION = 1;
				DEVELOPMENT_TEAM = 2QWMDJG53V;
				GENERATE_INFOPLIST_FILE = YES;
				MARKETING_VERSION = 1.0;
				PRODUCT_BUNDLE_IDENTIFIER = "wonni.O-ClubUITests";
				PRODUCT_NAME = "$(TARGET_NAME)";
				SWIFT_EMIT_LOC_STRINGS = NO;
				SWIFT_VERSION = 5.0;
				TARGETED_DEVICE_FAMILY = "1,2";
				TEST_TARGET_NAME = "O'Club";
			};
			name = Release;
		};
/* End XCBuildConfiguration section */

/* Begin XCConfigurationList section */
		02C6EC692DA3946400039A0A /* Build configuration list for PBXProject "O'Club" */ = {
			isa = XCConfigurationList;
			buildConfigurations = (
				02C6EC952DA3946500039A0A /* Debug */,
				02C6EC962DA3946500039A0A /* Release */,
			);
			defaultConfigurationIsVisible = 0;
			defaultConfigurationName = Release;
		};
		02C6EC972DA3946500039A0A /* Build configuration list for PBXNativeTarget "O'Club" */ = {
			isa = XCConfigurationList;
			buildConfigurations = (
				02C6EC982DA3946500039A0A /* Debug */,
				02C6EC992DA3946500039A0A /* Release */,
			);
			defaultConfigurationIsVisible = 0;
			defaultConfigurationName = Release;
		};
		02C6EC9A2DA3946500039A0A /* Build configuration list for PBXNativeTarget "O'ClubTests" */ = {
			isa = XCConfigurationList;
			buildConfigurations = (
				02C6EC9B2DA3946500039A0A /* Debug */,
				02C6EC9C2DA3946500039A0A /* Release */,
			);
			defaultConfigurationIsVisible = 0;
			defaultConfigurationName = Release;
		};
		02C6EC9D2DA3946500039A0A /* Build configuration list for PBXNativeTarget "O'ClubUITests" */ = {
			isa = XCConfigurationList;
			buildConfigurations = (
				02C6EC9E2DA3946500039A0A /* Debug */,
				02C6EC9F2DA3946500039A0A /* Release */,
			);
			defaultConfigurationIsVisible = 0;
			defaultConfigurationName = Release;
		};
/* End XCConfigurationList section */

/* Begin XCRemoteSwiftPackageReference section */
		02457CC82DA5024500582D20 /* XCRemoteSwiftPackageReference "firebase-ios-sdk" */ = {
			isa = XCRemoteSwiftPackageReference;
			repositoryURL = "https://github.com/firebase/firebase-ios-sdk.git";
			requirement = {
				kind = upToNextMajorVersion;
				minimumVersion = 11.11.0;
			};
		};
/* End XCRemoteSwiftPackageReference section */

/* Begin XCSwiftPackageProductDependency section */
		02457CC92DA5024500582D20 /* FirebaseDatabase */ = {
			isa = XCSwiftPackageProductDependency;
			package = 02457CC82DA5024500582D20 /* XCRemoteSwiftPackageReference "firebase-ios-sdk" */;
			productName = FirebaseDatabase;
		};
		02457CCB2DA5024500582D20 /* FirebaseStorage */ = {
			isa = XCSwiftPackageProductDependency;
			package = 02457CC82DA5024500582D20 /* XCRemoteSwiftPackageReference "firebase-ios-sdk" */;
			productName = FirebaseStorage;
		};
/* End XCSwiftPackageProductDependency section */

/* Begin XCVersionGroup section */
		02C6EC7C2DA3946500039A0A /* O_Club.xcdatamodeld */ = {
			isa = XCVersionGroup;
			children = (
				02C6EC7D2DA3946500039A0A /* O_Club.xcdatamodel */,
			);
			currentVersion = 02C6EC7D2DA3946500039A0A /* O_Club.xcdatamodel */;
			path = O_Club.xcdatamodeld;
			sourceTree = "<group>";
			versionGroupType = wrapper.xcdatamodel;
		};
/* End XCVersionGroup section */
	};
	rootObject = 02C6EC662DA3946400039A0A /* Project object */;
}
