// !$*UTF8*$!
{
	archiveVersion = 1;
	classes = {
	};
	objectVersion = 56;
	objects = {

/* Begin PBXBuildFile section */
		02C6EC722DA3946400039A0A /* O_ClubApp.swift in Sources */ = {isa = PBXBuildFile; fileRef = 02C6EC712DA3946400039A0A /* O_ClubApp.swift */; };
		02C6EC742DA3946400039A0A /* ContentView.swift in Sources */ = {isa = PBXBuildFile; fileRef = 02C6EC732DA3946400039A0A /* ContentView.swift */; };
		02C6EC762DA3946500039A0A /* Assets.xcassets in Resources */ = {isa = PBXBuildFile; fileRef = 02C6EC752DA3946500039A0A /* Assets.xcassets */; };
		02C6EC792DA3946500039A0A /* Preview Assets.xcassets in Resources */ = {isa = PBXBuildFile; fileRef = 02C6EC782DA3946500039A0A /* Preview Assets.xcassets */; };
		02C6EC7B2DA3946500039A0A /* Persistence.swift in Sources */ = {isa = PBXBuildFile; fileRef = 02C6EC7A2DA3946500039A0A /* Persistence.swift */; };
		02C6EC7E2DA3946500039A0A /* O_Club.xcdatamodeld in Sources */ = {isa = PBXBuildFile; fileRef = 02C6EC7C2DA3946500039A0A /* O_Club.xcdatamodeld */; };
		02C6EC882DA3946500039A0A /* O_ClubTests.swift in Sources */ = {isa = PBXBuildFile; fileRef = 02C6EC872DA3946500039A0A /* O_ClubTests.swift */; };
		02C6EC922DA3946500039A0A /* O_ClubUITests.swift in Sources */ = {isa = PBXBuildFile; fileRef = 02C6EC912DA3946500039A0A /* O_ClubUITests.swift */; };
		02C6EC942DA3946500039A0A /* O_ClubUITestsLaunchTests.swift in Sources */ = {isa = PBXBuildFile; fileRef = 02C6EC932DA3946500039A0A /* O_ClubUITestsLaunchTests.swift */; };
/* End PBXBuildFile section */

/* Begin PBXContainerItemProxy section */
		02C6EC842DA3946500039A0A /* PBXContainerItemProxy */ = {
			isa = PBXContainerItemProxy;
			containerPortal = 02C6EC662DA3946400039A0A /* Project object */;
			proxyType = 1;
			remoteGlobalIDString = 02C6EC6D2DA3946400039A0A;
			remoteInfo = "O'Club";
		};
		02C6EC8E2DA3946500039A0A /* PBXContainerItemProxy */ = {
			isa = PBXContainerItemProxy;
			containerPortal = 02C6EC662DA3946400039A0A /* Project object */;
			proxyType = 1;
			remoteGlobalIDString = 02C6EC6D2DA3946400039A0A;
			remoteInfo = "O'Club";
		};
/* End PBXContainerItemProxy section */

/* Begin PBXFileReference section */
		02C6EC6E2DA3946400039A0A /* O'Club.app */ = {isa = PBXFileReference; explicitFileType = wrapper.application; includeInIndex = 0; path = "O'Club.app"; sourceTree = BUILT_PRODUCTS_DIR; };
		02C6EC712DA3946400039A0A /* O_ClubApp.swift */ = {isa = PBXFileReference; lastKnownFileType = sourcecode.swift; path = O_ClubApp.swift; sourceTree = "<group>"; };
		02C6EC732DA3946400039A0A /* ContentView.swift */ = {isa = PBXFileReference; lastKnownFileType = sourcecode.swift; path = ContentView.swift; sourceTree = "<group>"; };
		02C6EC752DA3946500039A0A /* Assets.xcassets */ = {isa = PBXFileReference; lastKnownFileType = folder.assetcatalog; path = Assets.xcassets; sourceTree = "<group>"; };
		02C6EC782DA3946500039A0A /* Preview Assets.xcassets */ = {isa = PBXFileReference; lastKnownFileType = folder.assetcatalog; path = "Preview Assets.xcassets"; sourceTree = "<group>"; };
		02C6EC7A2DA3946500039A0A /* Persistence.swift */ = {isa = PBXFileReference; lastKnownFileType = sourcecode.swift; path = Persistence.swift; sourceTree = "<group>"; };
		02C6EC7D2DA3946500039A0A /* O_Club.xcdatamodel */ = {isa = PBXFileReference; lastKnownFileType = wrapper.xcdatamodel; path = O_Club.xcdatamodel; sourceTree = "<group>"; };
		02C6EC832DA3946500039A0A /* O'ClubTests.xctest */ = {isa = PBXFileReference; explicitFileType = wrapper.cfbundle; includeInIndex = 0; path = "O'ClubTests.xctest"; sourceTree = BUILT_PRODUCTS_DIR; };
		02C6EC872DA3946500039A0A /* O_ClubTests.swift */ = {isa = PBXFileReference; lastKnownFileType = sourcecode.swift; path = O_ClubTests.swift; sourceTree = "<group>"; };
		02C6EC8D2DA3946500039A0A /* O'ClubUITests.xctest */ = {isa = PBXFileReference; explicitFileType = wrapper.cfbundle; includeInIndex = 0; path = "O'ClubUITests.xctest"; sourceTree = BUILT_PRODUCTS_DIR; };
		02C6EC912DA3946500039A0A /* O_ClubUITests.swift */ = {isa = PBXFileReference; lastKnownFileType = sourcecode.swift; path = O_ClubUITests.swift; sourceTree = "<group>"; };
		02C6EC932DA3946500039A0A /* O_ClubUITestsLaunchTests.swift */ = {isa = PBXFileReference; lastKnownFileType = sourcecode.swift; path = O_ClubUITestsLaunchTests.swift; sourceTree = "<group>"; };
/* End PBXFileReference section */

/* Begin PBXFrameworksBuildPhase section */
		02C6EC6B2DA3946400039A0A /* Frameworks */ = {
			isa = PBXFrameworksBuildPhase;
			buildActionMask = 2147483647;
			files = (
			);
			runOnlyForDeploymentPostprocessing = 0;
		};
		02C6EC802DA3946500039A0A /* Frameworks */ = {
			isa = PBXFrameworksBuildPhase;
			buildActionMask = 2147483647;
			files = (
			);
			runOnlyForDeploymentPostprocessing = 0;
		};
		02C6EC8A2DA3946500039A0A /* Frameworks */ = {
			isa = PBXFrameworksBuildPhase;
			buildActionMask = 2147483647;
			files = (
			);
			runOnlyForDeploymentPostprocessing = 0;
		};
/* End PBXFrameworksBuildPhase section */

/* Begin PBXGroup section */
		02C6EC652DA3946400039A0A = {
			isa = PBXGroup;
			children = (
				02C6EC702DA3946400039A0A /* O'Club */,
				02C6EC862DA3946500039A0A /* O'ClubTests */,
				02C6EC902DA3946500039A0A /* O'ClubUITests */,
				02C6EC6F2DA3946400039A0A /* Products */,
			);
			sourceTree = "<group>";
		};
		02C6EC6F2DA3946400039A0A /* Products */ = {
			isa = PBXGroup;
			children = (
				02C6EC6E2DA3946400039A0A /* O'Club.app */,
				02C6EC832DA3946500039A0A /* O'ClubTests.xctest */,
				02C6EC8D2DA3946500039A0A /* O'ClubUITests.xctest */,
			);
			name = Products;
			sourceTree = "<group>";
		};
		02C6EC702DA3946400039A0A /* O'Club */ = {
			isa = PBXGroup;
			children = (
				02C6EC712DA3946400039A0A /* O_ClubApp.swift */,
				02C6EC732DA3946400039A0A /* ContentView.swift */,
				02C6EC752DA3946500039A0A /* Assets.xcassets */,
				02C6EC7A2DA3946500039A0A /* Persistence.swift */,
				02C6EC7C2DA3946500039A0A /* O_Club.xcdatamodeld */,
				02C6EC772DA3946500039A0A /* Preview Content */,
			);
			path = "O'Club";
			sourceTree = "<group>";
		};
		02C6EC772DA3946500039A0A /* Preview Content */ = {
			isa = PBXGroup;
			children = (
				02C6EC782DA3946500039A0A /* Preview Assets.xcassets */,
			);
			path = "Preview Content";
			sourceTree = "<group>";
		};
		02C6EC862DA3946500039A0A /* O'ClubTests */ = {
			isa = PBXGroup;
			children = (
				02C6EC872DA3946500039A0A /* O_ClubTests.swift */,
			);
			path = "O'ClubTests";
			sourceTree = "<group>";
		};
		02C6EC902DA3946500039A0A /* O'ClubUITests */ = {
			isa = PBXGroup;
			children = (
				02C6EC912DA3946500039A0A /* O_ClubUITests.swift */,
				02C6EC932DA3946500039A0A /* O_ClubUITestsLaunchTests.swift */,
			);
			path = "O'ClubUITests";
			sourceTree = "<group>";
		};
/* End PBXGroup section */

/* Begin PBXNativeTarget section */
		02C6EC6D2DA3946400039A0A /* O'Club */ = {
			isa = PBXNativeTarget;
			buildConfigurationList = 02C6EC972DA3946500039A0A /* Build configuration list for PBXNativeTarget "O'Club" */;
			buildPhases = (
				02C6EC6A2DA3946400039A0A /* Sources */,
				02C6EC6B2DA3946400039A0A /* Frameworks */,
				02C6EC6C2DA3946400039A0A /* Resources */,
			);
			buildRules = (
			);
			dependencies = (
			);
			name = "O'Club";
			productName = "O'Club";
			productReference = 02C6EC6E2DA3946400039A0A /* O'Club.app */;
			productType = "com.apple.product-type.application";
		};
		02C6EC822DA3946500039A0A /* O'ClubTests */ = {
			isa = PBXNativeTarget;
			buildConfigurationList = 02C6EC9A2DA3946500039A0A /* Build configuration list for PBXNativeTarget "O'ClubTests" */;
			buildPhases = (
				02C6EC7F2DA3946500039A0A /* Sources */,
				02C6EC802DA3946500039A0A /* Frameworks */,
				02C6EC812DA3946500039A0A /* Resources */,
			);
			buildRules = (
			);
			dependencies = (
				02C6EC852DA3946500039A0A /* PBXTargetDependency */,
			);
			name = "O'ClubTests";
			productName = "O'ClubTests";
			productReference = 02C6EC832DA3946500039A0A /* O'ClubTests.xctest */;
			productType = "com.apple.product-type.bundle.unit-test";
		};
		02C6EC8C2DA3946500039A0A /* O'ClubUITests */ = {
			isa = PBXNativeTarget;
			buildConfigurationList = 02C6EC9D2DA3946500039A0A /* Build configuration list for PBXNativeTarget "O'ClubUITests" */;
			buildPhases = (
				02C6EC892DA3946500039A0A /* Sources */,
				02C6EC8A2DA3946500039A0A /* Frameworks */,
				02C6EC8B2DA3946500039A0A /* Resources */,
			);
			buildRules = (
			);
			dependencies = (
				02C6EC8F2DA3946500039A0A /* PBXTargetDependency */,
			);
			name = "O'ClubUITests";
			productName = "O'ClubUITests";
			productReference = 02C6EC8D2DA3946500039A0A /* O'ClubUITests.xctest */;
			productType = "com.apple.product-type.bundle.ui-testing";
		};
/* End PBXNativeTarget section */

/* Begin PBXProject section */
		02C6EC662DA3946400039A0A /* Project object */ = {
			isa = PBXProject;
			attributes = {
				BuildIndependentTargetsInParallel = 1;
				LastSwiftUpdateCheck = 1500;
				LastUpgradeCheck = 1500;
				TargetAttributes = {
					02C6EC6D2DA3946400039A0A = {
						CreatedOnToolsVersion = 15.0;
					};
					02C6EC822DA3946500039A0A = {
						CreatedOnToolsVersion = 15.0;
						TestTargetID = 02C6EC6D2DA3946400039A0A;
					};
					02C6EC8C2DA3946500039A0A = {
						CreatedOnToolsVersion = 15.0;
						TestTargetID = 02C6EC6D2DA3946400039A0A;
					};
				};
			};
			buildConfigurationList = 02C6EC692DA3946400039A0A /* Build configuration list for PBXProject "O'Club" */;
			compatibilityVersion = "Xcode 14.0";
			developmentRegion = en;
			hasScannedForEncodings = 0;
			knownRegions = (
				en,
				Base,
			);
			mainGroup = 02C6EC652DA3946400039A0A;
			productRefGroup = 02C6EC6F2DA3946400039A0A /* Products */;
			projectDirPath = "";
			projectRoot = "";
			targets = (
				02C6EC6D2DA3946400039A0A /* O'Club */,
				02C6EC822DA3946500039A0A /* O'ClubTests */,
				02C6EC8C2DA3946500039A0A /* O'ClubUITests */,
			);
		};
/* End PBXProject section */

/* Begin PBXResourcesBuildPhase section */
		02C6EC6C2DA3946400039A0A /* Resources */ = {
			isa = PBXResourcesBuildPhase;
			buildActionMask = 2147483647;
			files = (
				02C6EC792DA3946500039A0A /* Preview Assets.xcassets in Resources */,
				02C6EC762DA3946500039A0A /* Assets.xcassets in Resources */,
			);
			runOnlyForDeploymentPostprocessing = 0;
		};
		02C6EC812DA3946500039A0A /* Resources */ = {
			isa = PBXResourcesBuildPhase;
			buildActionMask = 2147483647;
			files = (
			);
			runOnlyForDeploymentPostprocessing = 0;
		};
		02C6EC8B2DA3946500039A0A /* Resources */ = {
			isa = PBXResourcesBuildPhase;
			buildActionMask = 2147483647;
			files = (
			);
			runOnlyForDeploymentPostprocessing = 0;
		};
/* End PBXResourcesBuildPhase section */

/* Begin PBXSourcesBuildPhase section */
		02C6EC6A2DA3946400039A0A /* Sources */ = {
			isa = PBXSourcesBuildPhase;
			buildActionMask = 2147483647;
			files = (
				02C6EC7B2DA3946500039A0A /* Persistence.swift in Sources */,
				02C6EC742DA3946400039A0A /* ContentView.swift in Sources */,
				02C6EC722DA3946400039A0A /* O_ClubApp.swift in Sources */,
				02C6EC7E2DA3946500039A0A /* O_Club.xcdatamodeld in Sources */,
			);
			runOnlyForDeploymentPostprocessing = 0;
		};
		02C6EC7F2DA3946500039A0A /* Sources */ = {
			isa = PBXSourcesBuildPhase;
			buildActionMask = 2147483647;
			files = (
				02C6EC882DA3946500039A0A /* O_ClubTests.swift in Sources */,
			);
			runOnlyForDeploymentPostprocessing = 0;
		};
		02C6EC892DA3946500039A0A /* Sources */ = {
			isa = PBXSourcesBuildPhase;
			buildActionMask = 2147483647;
			files = (
				02C6EC942DA3946500039A0A /* O_ClubUITestsLaunchTests.swift in Sources */,
				02C6EC922DA3946500039A0A /* O_ClubUITests.swift in Sources */,
			);
			runOnlyForDeploymentPostprocessing = 0;
		};
/* End PBXSourcesBuildPhase section */

/* Begin PBXTargetDependency section */
		02C6EC852DA3946500039A0A /* PBXTargetDependency */ = {
			isa = PBXTargetDependency;
			target = 02C6EC6D2DA3946400039A0A /* O'Club */;
			targetProxy = 02C6EC842DA3946500039A0A /* PBXContainerItemProxy */;
		};
		02C6EC8F2DA3946500039A0A /* PBXTargetDependency */ = {
			isa = PBXTargetDependency;
			target = 02C6EC6D2DA3946400039A0A /* O'Club */;
			targetProxy = 02C6EC8E2DA3946500039A0A /* PBXContainerItemProxy */;
		};
/* End PBXTargetDependency section */

/* Begin XCBuildConfiguration section */
		02C6EC952DA3946500039A0A /* Debug */ = {
			isa = XCBuildConfiguration;
			buildSettings = {
				ALWAYS_SEARCH_USER_PATHS = NO;
				ASSETCATALOG_COMPILER_GENERATE_SWIFT_ASSET_SYMBOL_EXTENSIONS = YES;
				CLANG_ANALYZER_NONNULL = YES;
				CLANG_ANALYZER_NUMBER_OBJECT_CONVERSION = YES_AGGRESSIVE;
				CLANG_CXX_LANGUAGE_STANDARD = "gnu++20";
				CLANG_ENABLE_MODULES = YES;
				CLANG_ENABLE_OBJC_ARC = YES;
				CLANG_ENABLE_OBJC_WEAK = YES;
				CLANG_WARN_BLOCK_CAPTURE_AUTORELEASING = YES;
				CLANG_WARN_BOOL_CONVERSION = YES;
				CLANG_WARN_COMMA = YES;
				CLANG_WARN_CONSTANT_CONVERSION = YES;
				CLANG_WARN_DEPRECATED_OBJC_IMPLEMENTATIONS = YES;
				CLANG_WARN_DIRECT_OBJC_ISA_USAGE = YES_ERROR;
				CLANG_WARN_DOCUMENTATION_COMMENTS = YES;
				CLANG_WARN_EMPTY_BODY = YES;
				CLANG_WARN_ENUM_CONVERSION = YES;
				CLANG_WARN_INFINITE_RECURSION = YES;
				CLANG_WARN_INT_CONVERSION = YES;
				CLANG_WARN_NON_LITERAL_NULL_CONVERSION = YES;
				CLANG_WARN_OBJC_IMPLICIT_RETAIN_SELF = YES;
				CLANG_WARN_OBJC_LITERAL_CONVERSION = YES;
				CLANG_WARN_OBJC_ROOT_CLASS = YES_ERROR;
				CLANG_WARN_QUOTED_INCLUDE_IN_FRAMEWORK_HEADER = YES;
				CLANG_WARN_RANGE_LOOP_ANALYSIS = YES;
				CLANG_WARN_STRICT_PROTOTYPES = YES;
				CLANG_WARN_SUSPICIOUS_MOVE = YES;
				CLANG_WARN_UNGUARDED_AVAILABILITY = YES_AGGRESSIVE;
				CLANG_WARN_UNREACHABLE_CODE = YES;
				CLANG_WARN__DUPLICATE_METHOD_MATCH = YES;
				COPY_PHASE_STRIP = NO;
				DEBUG_INFORMATION_FORMAT = dwarf;
				ENABLE_STRICT_OBJC_MSGSEND = YES;
				ENABLE_TESTABILITY = YES;
				ENABLE_USER_SCRIPT_SANDBOXING = YES;
				GCC_C_LANGUAGE_STANDARD = gnu17;
				GCC_DYNAMIC_NO_PIC = NO;
				GCC_NO_COMMON_BLOCKS = YES;
				GCC_OPTIMIZATION_LEVEL = 0;
				GCC_PREPROCESSOR_DEFINITIONS = (
					"DEBUG=1",
					"$(inherited)",
				);
				GCC_WARN_64_TO_32_BIT_CONVERSION = YES;
				GCC_WARN_ABOUT_RETURN_TYPE = YES_ERROR;
				GCC_WARN_UNDECLARED_SELECTOR = YES;
				GCC_WARN_UNINITIALIZED_AUTOS = YES_AGGRESSIVE;
				GCC_WARN_UNUSED_FUNCTION = YES;
				GCC_WARN_UNUSED_VARIABLE = YES;
				IPHONEOS_DEPLOYMENT_TARGET = 17.0;
				LOCALIZATION_PREFERS_STRING_CATALOGS = YES;
				MTL_ENABLE_DEBUG_INFO = INCLUDE_SOURCE;
				MTL_FAST_MATH = YES;
				ONLY_ACTIVE_ARCH = YES;
				SDKROOT = iphoneos;
				SWIFT_ACTIVE_COMPILATION_CONDITIONS = "DEBUG $(inherited)";
				SWIFT_OPTIMIZATION_LEVEL = "-Onone";
			};
			name = Debug;
		};
		02C6EC962DA3946500039A0A /* Release */ = {
			isa = XCBuildConfiguration;
			buildSettings = {
				ALWAYS_SEARCH_USER_PATHS = NO;
				ASSETCATALOG_COMPILER_GENERATE_SWIFT_ASSET_SYMBOL_EXTENSIONS = YES;
				CLANG_ANALYZER_NONNULL = YES;
				CLANG_ANALYZER_NUMBER_OBJECT_CONVERSION = YES_AGGRESSIVE;
				CLANG_CXX_LANGUAGE_STANDARD = "gnu++20";
				CLANG_ENABLE_MODULES = YES;
				CLANG_ENABLE_OBJC_ARC = YES;
				CLANG_ENABLE_OBJC_WEAK = YES;
				CLANG_WARN_BLOCK_CAPTURE_AUTORELEASING = YES;
				CLANG_WARN_BOOL_CONVERSION = YES;
				CLANG_WARN_COMMA = YES;
				CLANG_WARN_CONSTANT_CONVERSION = YES;
				CLANG_WARN_DEPRECATED_OBJC_IMPLEMENTATIONS = YES;
				CLANG_WARN_DIRECT_OBJC_ISA_USAGE = YES_ERROR;
				CLANG_WARN_DOCUMENTATION_COMMENTS = YES;
				CLANG_WARN_EMPTY_BODY = YES;
				CLANG_WARN_ENUM_CONVERSION = YES;
				CLANG_WARN_INFINITE_RECURSION = YES;
				CLANG_WARN_INT_CONVERSION = YES;
				CLANG_WARN_NON_LITERAL_NULL_CONVERSION = YES;
				CLANG_WARN_OBJC_IMPLICIT_RETAIN_SELF = YES;
				CLANG_WARN_OBJC_LITERAL_CONVERSION = YES;
				CLANG_WARN_OBJC_ROOT_CLASS = YES_ERROR;
				CLANG_WARN_QUOTED_INCLUDE_IN_FRAMEWORK_HEADER = YES;
				CLANG_WARN_RANGE_LOOP_ANALYSIS = YES;
				CLANG_WARN_STRICT_PROTOTYPES = YES;
				CLANG_WARN_SUSPICIOUS_MOVE = YES;
				CLANG_WARN_UNGUARDED_AVAILABILITY = YES_AGGRESSIVE;
				CLANG_WARN_UNREACHABLE_CODE = YES;
				CLANG_WARN__DUPLICATE_METHOD_MATCH = YES;
				COPY_PHASE_STRIP = NO;
				DEBUG_INFORMATION_FORMAT = "dwarf-with-dsym";
				ENABLE_NS_ASSERTIONS = NO;
				ENABLE_STRICT_OBJC_MSGSEND = YES;
				ENABLE_USER_SCRIPT_SANDBOXING = YES;
				GCC_C_LANGUAGE_STANDARD = gnu17;
				GCC_NO_COMMON_BLOCKS = YES;
				GCC_WARN_64_TO_32_BIT_CONVERSION = YES;
				GCC_WARN_ABOUT_RETURN_TYPE = YES_ERROR;
				GCC_WARN_UNDECLARED_SELECTOR = YES;
				GCC_WARN_UNINITIALIZED_AUTOS = YES_AGGRESSIVE;
				GCC_WARN_UNUSED_FUNCTION = YES;
				GCC_WARN_UNUSED_VARIABLE = YES;
				IPHONEOS_DEPLOYMENT_TARGET = 17.0;
				LOCALIZATION_PREFERS_STRING_CATALOGS = YES;
				MTL_ENABLE_DEBUG_INFO = NO;
				MTL_FAST_MATH = YES;
				SDKROOT = iphoneos;
				SWIFT_COMPILATION_MODE = wholemodule;
				VALIDATE_PRODUCT = YES;
			};
			name = Release;
		};
		02C6EC982DA3946500039A0A /* Debug */ = {
			isa = XCBuildConfiguration;
			buildSettings = {
				ASSETCATALOG_COMPILER_APPICON_NAME = AppIcon;
				ASSETCATALOG_COMPILER_GLOBAL_ACCENT_COLOR_NAME = AccentColor;
				CODE_SIGN_STYLE = Automatic;
				CURRENT_PROJECT_VERSION = 1;
				DEVELOPMENT_ASSET_PATHS = "\"O'Club/Preview Content\"";
				DEVELOPMENT_TEAM = 2QWMDJG53V;
				ENABLE_PREVIEWS = YES;
				GENERATE_INFOPLIST_FILE = YES;
				INFOPLIST_KEY_UIApplicationSceneManifest_Generation = YES;
				INFOPLIST_KEY_UIApplicationSupportsIndirectInputEvents = YES;
				INFOPLIST_KEY_UILaunchScreen_Generation = YES;
				INFOPLIST_KEY_UISupportedInterfaceOrientations_iPad = "UIInterfaceOrientationPortrait UIInterfaceOrientationPortraitUpsideDown UIInterfaceOrientationLandscapeLeft UIInterfaceOrientationLandscapeRight";
				INFOPLIST_KEY_UISupportedInterfaceOrientations_iPhone = "UIInterfaceOrientationPortrait UIInterfaceOrientationLandscapeLeft UIInterfaceOrientationLandscapeRight";
				LD_RUNPATH_SEARCH_PATHS = (
					"$(inherited)",
					"@executable_path/Frameworks",
				);
				MARKETING_VERSION = 1.0;
				PRODUCT_BUNDLE_IDENTIFIER = "wonni.O-Club";
				PRODUCT_NAME = "$(TARGET_NAME)";
				SWIFT_EMIT_LOC_STRINGS = YES;
				SWIFT_VERSION = 5.0;
				TARGETED_DEVICE_FAMILY = "1,2";
			};
			name = Debug;
		};
		02C6EC992DA3946500039A0A /* Release */ = {
			isa = XCBuildConfiguration;
			buildSettings = {
				ASSETCATALOG_COMPILER_APPICON_NAME = AppIcon;
				ASSETCATALOG_COMPILER_GLOBAL_ACCENT_COLOR_NAME = AccentColor;
				CODE_SIGN_STYLE = Automatic;
				CURRENT_PROJECT_VERSION = 1;
				DEVELOPMENT_ASSET_PATHS = "\"O'Club/Preview Content\"";
				DEVELOPMENT_TEAM = 2QWMDJG53V;
				ENABLE_PREVIEWS = YES;
				GENERATE_INFOPLIST_FILE = YES;
				INFOPLIST_KEY_UIApplicationSceneManifest_Generation = YES;
				INFOPLIST_KEY_UIApplicationSupportsIndirectInputEvents = YES;
				INFOPLIST_KEY_UILaunchScreen_Generation = YES;
				INFOPLIST_KEY_UISupportedInterfaceOrientations_iPad = "UIInterfaceOrientationPortrait UIInterfaceOrientationPortraitUpsideDown UIInterfaceOrientationLandscapeLeft UIInterfaceOrientationLandscapeRight";
				INFOPLIST_KEY_UISupportedInterfaceOrientations_iPhone = "UIInterfaceOrientationPortrait UIInterfaceOrientationLandscapeLeft UIInterfaceOrientationLandscapeRight";
				LD_RUNPATH_SEARCH_PATHS = (
					"$(inherited)",
					"@executable_path/Frameworks",
				);
				MARKETING_VERSION = 1.0;
				PRODUCT_BUNDLE_IDENTIFIER = "wonni.O-Club";
				PRODUCT_NAME = "$(TARGET_NAME)";
				SWIFT_EMIT_LOC_STRINGS = YES;
				SWIFT_VERSION = 5.0;
				TARGETED_DEVICE_FAMILY = "1,2";
			};
			name = Release;
		};
		02C6EC9B2DA3946500039A0A /* Debug */ = {
			isa = XCBuildConfiguration;
			buildSettings = {
				ALWAYS_EMBED_SWIFT_STANDARD_LIBRARIES = YES;
				BUNDLE_LOADER = "$(TEST_HOST)";
				CODE_SIGN_STYLE = Automatic;
				CURRENT_PROJECT_VERSION = 1;
				DEVELOPMENT_TEAM = 2QWMDJG53V;
				GENERATE_INFOPLIST_FILE = YES;
				IPHONEOS_DEPLOYMENT_TARGET = 17.0;
				MARKETING_VERSION = 1.0;
				PRODUCT_BUNDLE_IDENTIFIER = "wonni.O-ClubTests";
				PRODUCT_NAME = "$(TARGET_NAME)";
				SWIFT_EMIT_LOC_STRINGS = NO;
				SWIFT_VERSION = 5.0;
				TARGETED_DEVICE_FAMILY = "1,2";
				TEST_HOST = "$(BUILT_PRODUCTS_DIR)/O'Club.app/$(BUNDLE_EXECUTABLE_FOLDER_PATH)/O'Club";
			};
			name = Debug;
		};
		02C6EC9C2DA3946500039A0A /* Release */ = {
			isa = XCBuildConfiguration;
			buildSettings = {
				ALWAYS_EMBED_SWIFT_STANDARD_LIBRARIES = YES;
				BUNDLE_LOADER = "$(TEST_HOST)";
				CODE_SIGN_STYLE = Automatic;
				CURRENT_PROJECT_VERSION = 1;
				DEVELOPMENT_TEAM = 2QWMDJG53V;
				GENERATE_INFOPLIST_FILE = YES;
				IPHONEOS_DEPLOYMENT_TARGET = 17.0;
				MARKETING_VERSION = 1.0;
				PRODUCT_BUNDLE_IDENTIFIER = "wonni.O-ClubTests";
				PRODUCT_NAME = "$(TARGET_NAME)";
				SWIFT_EMIT_LOC_STRINGS = NO;
				SWIFT_VERSION = 5.0;
				TARGETED_DEVICE_FAMILY = "1,2";
				TEST_HOST = "$(BUILT_PRODUCTS_DIR)/O'Club.app/$(BUNDLE_EXECUTABLE_FOLDER_PATH)/O'Club";
			};
			name = Release;
		};
		02C6EC9E2DA3946500039A0A /* Debug */ = {
			isa = XCBuildConfiguration;
			buildSettings = {
				ALWAYS_EMBED_SWIFT_STANDARD_LIBRARIES = YES;
				CODE_SIGN_STYLE = Automatic;
				CURRENT_PROJECT_VERSION = 1;
				DEVELOPMENT_TEAM = 2QWMDJG53V;
				GENERATE_INFOPLIST_FILE = YES;
				MARKETING_VERSION = 1.0;
				PRODUCT_BUNDLE_IDENTIFIER = "wonni.O-ClubUITests";
				PRODUCT_NAME = "$(TARGET_NAME)";
				SWIFT_EMIT_LOC_STRINGS = NO;
				SWIFT_VERSION = 5.0;
				TARGETED_DEVICE_FAMILY = "1,2";
				TEST_TARGET_NAME = "O'Club";
			};
			name = Debug;
		};
		02C6EC9F2DA3946500039A0A /* Release */ = {
			isa = XCBuildConfiguration;
			buildSettings = {
				ALWAYS_EMBED_SWIFT_STANDARD_LIBRARIES = YES;
				CODE_SIGN_STYLE = Automatic;
				CURRENT_PROJECT_VERSION = 1;
				DEVELOPMENT_TEAM = 2QWMDJG53V;
				GENERATE_INFOPLIST_FILE = YES;
				MARKETING_VERSION = 1.0;
				PRODUCT_BUNDLE_IDENTIFIER = "wonni.O-ClubUITests";
				PRODUCT_NAME = "$(TARGET_NAME)";
				SWIFT_EMIT_LOC_STRINGS = NO;
				SWIFT_VERSION = 5.0;
				TARGETED_DEVICE_FAMILY = "1,2";
				TEST_TARGET_NAME = "O'Club";
			};
			name = Release;
		};
/* End XCBuildConfiguration section */

/* Begin XCConfigurationList section */
		02C6EC692DA3946400039A0A /* Build configuration list for PBXProject "O'Club" */ = {
			isa = XCConfigurationList;
			buildConfigurations = (
				02C6EC952DA3946500039A0A /* Debug */,
				02C6EC962DA3946500039A0A /* Release */,
			);
			defaultConfigurationIsVisible = 0;
			defaultConfigurationName = Release;
		};
		02C6EC972DA3946500039A0A /* Build configuration list for PBXNativeTarget "O'Club" */ = {
			isa = XCConfigurationList;
			buildConfigurations = (
				02C6EC982DA3946500039A0A /* Debug */,
				02C6EC992DA3946500039A0A /* Release */,
			);
			defaultConfigurationIsVisible = 0;
			defaultConfigurationName = Release;
		};
		02C6EC9A2DA3946500039A0A /* Build configuration list for PBXNativeTarget "O'ClubTests" */ = {
			isa = XCConfigurationList;
			buildConfigurations = (
				02C6EC9B2DA3946500039A0A /* Debug */,
				02C6EC9C2DA3946500039A0A /* Release */,
			);
			defaultConfigurationIsVisible = 0;
			defaultConfigurationName = Release;
		};
		02C6EC9D2DA3946500039A0A /* Build configuration list for PBXNativeTarget "O'ClubUITests" */ = {
			isa = XCConfigurationList;
			buildConfigurations = (
				02C6EC9E2DA3946500039A0A /* Debug */,
				02C6EC9F2DA3946500039A0A /* Release */,
			);
			defaultConfigurationIsVisible = 0;
			defaultConfigurationName = Release;
		};
/* End XCConfigurationList section */

/* Begin XCVersionGroup section */
		02C6EC7C2DA3946500039A0A /* O_Club.xcdatamodeld */ = {
			isa = XCVersionGroup;
			children = (
				02C6EC7D2DA3946500039A0A /* O_Club.xcdatamodel */,
			);
			currentVersion = 02C6EC7D2DA3946500039A0A /* O_Club.xcdatamodel */;
			path = O_Club.xcdatamodeld;
			sourceTree = "<group>";
			versionGroupType = wrapper.xcdatamodel;
		};
/* End XCVersionGroup section */
	};
	rootObject = 02C6EC662DA3946400039A0A /* Project object */;
}
